// !$*UTF8*$!
{
	archiveVersion = 1;
	classes = {
	};
	objectVersion = 46;
	objects = {

/* Begin PBXBuildFile section */
		401BE46B1995BB60005A585D /* dolphin1.png in Resources */ = {isa = PBXBuildFile; fileRef = 401BE4631995BB60005A585D /* dolphin1.png */; };
		401BE46C1995BB60005A585D /* dolphin2.png in Resources */ = {isa = PBXBuildFile; fileRef = 401BE4641995BB60005A585D /* dolphin2.png */; };
		401BE46D1995BB60005A585D /* dolphin3.png in Resources */ = {isa = PBXBuildFile; fileRef = 401BE4651995BB60005A585D /* dolphin3.png */; };
		401BE46E1995BB60005A585D /* dolphin4.png in Resources */ = {isa = PBXBuildFile; fileRef = 401BE4661995BB60005A585D /* dolphin4.png */; };
		401BE46F1995BB60005A585D /* dolphin5.png in Resources */ = {isa = PBXBuildFile; fileRef = 401BE4671995BB60005A585D /* dolphin5.png */; };
		401BE4701995BB60005A585D /* dolphin7.png in Resources */ = {isa = PBXBuildFile; fileRef = 401BE4681995BB60005A585D /* dolphin7.png */; };
		401BE4711995BB60005A585D /* dolphin8.png in Resources */ = {isa = PBXBuildFile; fileRef = 401BE4691995BB60005A585D /* dolphin8.png */; };
		401BE4721995BB60005A585D /* dolphin9.png in Resources */ = {isa = PBXBuildFile; fileRef = 401BE46A1995BB60005A585D /* dolphin9.png */; };
		401BE4761995BC44005A585D /* bubble_break1.png in Resources */ = {isa = PBXBuildFile; fileRef = 401BE4731995BC44005A585D /* bubble_break1.png */; };
		401BE4771995BC44005A585D /* bubble_break2.png in Resources */ = {isa = PBXBuildFile; fileRef = 401BE4741995BC44005A585D /* bubble_break2.png */; };
		401BE4781995BC44005A585D /* bubble_break3.png in Resources */ = {isa = PBXBuildFile; fileRef = 401BE4751995BC44005A585D /* bubble_break3.png */; };
		401BE47A1995BD65005A585D /* dolphin_cry.png in Resources */ = {isa = PBXBuildFile; fileRef = 401BE4791995BD65005A585D /* dolphin_cry.png */; };
		401BE47C1995C10E005A585D /* water.wav in Resources */ = {isa = PBXBuildFile; fileRef = 401BE47B1995C10E005A585D /* water.wav */; };
		401BE47E1995C27E005A585D /* ic_bubble.png in Resources */ = {isa = PBXBuildFile; fileRef = 401BE47D1995C27E005A585D /* ic_bubble.png */; };
		401BE4801995C72C005A585D /* AVFoundation.framework in Frameworks */ = {isa = PBXBuildFile; fileRef = 401BE47F1995C72C005A585D /* AVFoundation.framework */; };
		401BE4851995D2C6005A585D /* icon_exit_press.png in Resources */ = {isa = PBXBuildFile; fileRef = 401BE4831995D2C6005A585D /* icon_exit_press.png */; };
		401BE4861995D2C6005A585D /* icon_exit.png in Resources */ = {isa = PBXBuildFile; fileRef = 401BE4841995D2C6005A585D /* icon_exit.png */; };
		401BE4881995F382005A585D /* bubble.wav in Resources */ = {isa = PBXBuildFile; fileRef = 401BE4871995F382005A585D /* bubble.wav */; };
		401BE48A19961F46005A585D /* dolphin6.png in Resources */ = {isa = PBXBuildFile; fileRef = 401BE48919961F46005A585D /* dolphin6.png */; };
		401BE49219964ACC005A585D /* ic_session.png in Resources */ = {isa = PBXBuildFile; fileRef = 401BE49019964ACC005A585D /* ic_session.png */; };
		401BE49319964ACC005A585D /* ic_friend.png in Resources */ = {isa = PBXBuildFile; fileRef = 401BE49119964ACC005A585D /* ic_friend.png */; };
		4024403D19C6F63E00D5EDFB /* ic_wb.png in Resources */ = {isa = PBXBuildFile; fileRef = 4024403C19C6F63E00D5EDFB /* ic_wb.png */; };
		4025663A198BE25F00A8FF6A /* TabIndicator.m in Sources */ = {isa = PBXBuildFile; fileRef = 40256639198BE25F00A8FF6A /* TabIndicator.m */; };
		40272B1319C171F700B47888 /* PrivacyViewController.m in Sources */ = {isa = PBXBuildFile; fileRef = 40272B1219C171F700B47888 /* PrivacyViewController.m */; };
		4030CBC01A83861E00F303F0 /* ic_nav_search.png in Resources */ = {isa = PBXBuildFile; fileRef = 4030CBBF1A83861E00F303F0 /* ic_nav_search.png */; };
		403387FB197D088F004D49D7 /* MenuViewController.m in Sources */ = {isa = PBXBuildFile; fileRef = 403387FA197D088F004D49D7 /* MenuViewController.m */; };
		40348F54197E5E44001C4DE5 /* DetailViewController.m in Sources */ = {isa = PBXBuildFile; fileRef = 40348F53197E5E44001C4DE5 /* DetailViewController.m */; };
		40348F56197E628A001C4DE5 /* html in Resources */ = {isa = PBXBuildFile; fileRef = 40348F55197E628A001C4DE5 /* html */; };
		40348F5A197E8370001C4DE5 /* SystemConfiguration.framework in Frameworks */ = {isa = PBXBuildFile; fileRef = 40348F59197E8370001C4DE5 /* SystemConfiguration.framework */; };
		40348F5C197E8381001C4DE5 /* Security.framework in Frameworks */ = {isa = PBXBuildFile; fileRef = 40348F5B197E8381001C4DE5 /* Security.framework */; };
		40358F13197FD9EC00CE64EA /* PhotoViewController.m in Sources */ = {isa = PBXBuildFile; fileRef = 40358F12197FD9EC00CE64EA /* PhotoViewController.m */; };
		40358F1C197FFE4700CE64EA /* CommentViewController.m in Sources */ = {isa = PBXBuildFile; fileRef = 40358F1B197FFE4700CE64EA /* CommentViewController.m */; };
		403AC9401980B94100AE28DE /* Comment.m in Sources */ = {isa = PBXBuildFile; fileRef = 403AC93F1980B94100AE28DE /* Comment.m */; };
		403AC9421980E6E000AE28DE /* user_default.png in Resources */ = {isa = PBXBuildFile; fileRef = 403AC9411980E6E000AE28DE /* user_default.png */; };
		403AC9451980E7B800AE28DE /* CommentCell.m in Sources */ = {isa = PBXBuildFile; fileRef = 403AC9441980E7B800AE28DE /* CommentCell.m */; };
		403AC9481981064800AE28DE /* NSString+HTML.m in Sources */ = {isa = PBXBuildFile; fileRef = 403AC9471981064800AE28DE /* NSString+HTML.m */; };
		403AC94C1981072B00AE28DE /* GTMNSString+HTML.m in Sources */ = {isa = PBXBuildFile; fileRef = 403AC94B1981072B00AE28DE /* GTMNSString+HTML.m */; };
		403E511A1A831A3D00D71170 /* UIImage+Color.m in Sources */ = {isa = PBXBuildFile; fileRef = 403E51191A831A3D00D71170 /* UIImage+Color.m */; };
		403FD8AB1A8243B900B5F980 /* ic_action_search.png in Resources */ = {isa = PBXBuildFile; fileRef = 403FD8AA1A8243B900B5F980 /* ic_action_search.png */; };
		403FD8AE1A82560400B5F980 /* SearchViewController.m in Sources */ = {isa = PBXBuildFile; fileRef = 403FD8AD1A82560400B5F980 /* SearchViewController.m */; };
		404508DB197697BD00010684 /* Foundation.framework in Frameworks */ = {isa = PBXBuildFile; fileRef = 404508DA197697BD00010684 /* Foundation.framework */; };
		404508DD197697BD00010684 /* CoreGraphics.framework in Frameworks */ = {isa = PBXBuildFile; fileRef = 404508DC197697BD00010684 /* CoreGraphics.framework */; };
		404508DF197697BD00010684 /* UIKit.framework in Frameworks */ = {isa = PBXBuildFile; fileRef = 404508DE197697BD00010684 /* UIKit.framework */; };
		404508E5197697BD00010684 /* InfoPlist.strings in Resources */ = {isa = PBXBuildFile; fileRef = 404508E3197697BD00010684 /* InfoPlist.strings */; };
		404508E7197697BD00010684 /* main.m in Sources */ = {isa = PBXBuildFile; fileRef = 404508E6197697BD00010684 /* main.m */; };
		404508EB197697BD00010684 /* AppDelegate.m in Sources */ = {isa = PBXBuildFile; fileRef = 404508EA197697BD00010684 /* AppDelegate.m */; };
		404508ED197697BD00010684 /* Images.xcassets in Resources */ = {isa = PBXBuildFile; fileRef = 404508EC197697BD00010684 /* Images.xcassets */; };
		404508F4197697BD00010684 /* XCTest.framework in Frameworks */ = {isa = PBXBuildFile; fileRef = 404508F3197697BD00010684 /* XCTest.framework */; };
		404508F5197697BD00010684 /* Foundation.framework in Frameworks */ = {isa = PBXBuildFile; fileRef = 404508DA197697BD00010684 /* Foundation.framework */; };
		404508F6197697BD00010684 /* UIKit.framework in Frameworks */ = {isa = PBXBuildFile; fileRef = 404508DE197697BD00010684 /* UIKit.framework */; };
		404508FE197697BD00010684 /* InfoPlist.strings in Resources */ = {isa = PBXBuildFile; fileRef = 404508FC197697BD00010684 /* InfoPlist.strings */; };
		40450900197697BD00010684 /* u148Tests.m in Sources */ = {isa = PBXBuildFile; fileRef = 404508FF197697BD00010684 /* u148Tests.m */; };
		4045090B197698AC00010684 /* FeedsViewController.m in Sources */ = {isa = PBXBuildFile; fileRef = 4045090A197698AC00010684 /* FeedsViewController.m */; };
		40493C3B19891326004CB31F /* MBProgressHUD.m in Sources */ = {isa = PBXBuildFile; fileRef = 40493C3A19891326004CB31F /* MBProgressHUD.m */; };
		404E8A5019DAF380008CD99B /* road.jpg in Resources */ = {isa = PBXBuildFile; fileRef = 404E8A4F19DAF380008CD99B /* road.jpg */; };
		404E8A5719DB04AE008CD99B /* ic_menu1.png in Resources */ = {isa = PBXBuildFile; fileRef = 404E8A5319DB04AE008CD99B /* ic_menu1.png */; };
		404E8A5819DB04AE008CD99B /* ic_menu2.png in Resources */ = {isa = PBXBuildFile; fileRef = 404E8A5419DB04AE008CD99B /* ic_menu2.png */; };
		404E8A5919DB04AE008CD99B /* ic_menu3.png in Resources */ = {isa = PBXBuildFile; fileRef = 404E8A5519DB04AE008CD99B /* ic_menu3.png */; };
		404E8A5A19DB04AE008CD99B /* ic_menu4.png in Resources */ = {isa = PBXBuildFile; fileRef = 404E8A5619DB04AE008CD99B /* ic_menu4.png */; };
		404E8A5C19DB0909008CD99B /* ic_nav_favorite.png in Resources */ = {isa = PBXBuildFile; fileRef = 404E8A5B19DB0909008CD99B /* ic_nav_favorite.png */; };
		40558005198E08EB009C3D19 /* MessageUI.framework in Frameworks */ = {isa = PBXBuildFile; fileRef = 40558004198E08EB009C3D19 /* MessageUI.framework */; };
		4055800C198E0FD2009C3D19 /* CustomIOS7AlertView.m in Sources */ = {isa = PBXBuildFile; fileRef = 4055800B198E0FD2009C3D19 /* CustomIOS7AlertView.m */; };
		40558015198E1D4B009C3D19 /* SurprizeViewController.m in Sources */ = {isa = PBXBuildFile; fileRef = 40558014198E1D4B009C3D19 /* SurprizeViewController.m */; };
		4061E0BF19DFD2C40014D19B /* compass_background@2x.png in Resources */ = {isa = PBXBuildFile; fileRef = 4061E0BE19DFD2C40014D19B /* compass_background@2x.png */; };
		4061E0C119DFD2C90014D19B /* compass_spinner@2x.png in Resources */ = {isa = PBXBuildFile; fileRef = 4061E0C019DFD2C90014D19B /* compass_spinner@2x.png */; };
		40736CC3198DF56B00A47D29 /* ic_place_holder.png in Resources */ = {isa = PBXBuildFile; fileRef = 40736CC2198DF56B00A47D29 /* ic_place_holder.png */; };
		4074AE401990D8CF00B4D8A7 /* ic_logo_big.png in Resources */ = {isa = PBXBuildFile; fileRef = 4074AE3F1990D8CF00B4D8A7 /* ic_logo_big.png */; };
		4074AE431990D93400B4D8A7 /* bubble_bkg4.jpg in Resources */ = {isa = PBXBuildFile; fileRef = 4074AE411990D93400B4D8A7 /* bubble_bkg4.jpg */; };
		4074AE441990D93400B4D8A7 /* bubble_bkg5.jpg in Resources */ = {isa = PBXBuildFile; fileRef = 4074AE421990D93400B4D8A7 /* bubble_bkg5.jpg */; };
		4074AE461990FA2700B4D8A7 /* ic_back.png in Resources */ = {isa = PBXBuildFile; fileRef = 4074AE451990FA2700B4D8A7 /* ic_back.png */; };
		4075353A1979493300356778 /* AFHTTPRequestOperation.m in Sources */ = {isa = PBXBuildFile; fileRef = 407535281979493300356778 /* AFHTTPRequestOperation.m */; };
		4075353B1979493300356778 /* AFHTTPRequestOperationManager.m in Sources */ = {isa = PBXBuildFile; fileRef = 4075352A1979493300356778 /* AFHTTPRequestOperationManager.m */; };
		4075353C1979493300356778 /* AFHTTPSessionManager.m in Sources */ = {isa = PBXBuildFile; fileRef = 4075352C1979493300356778 /* AFHTTPSessionManager.m */; };
		4075353D1979493300356778 /* AFNetworkReachabilityManager.m in Sources */ = {isa = PBXBuildFile; fileRef = 4075352F1979493300356778 /* AFNetworkReachabilityManager.m */; };
		4075353E1979493300356778 /* AFSecurityPolicy.m in Sources */ = {isa = PBXBuildFile; fileRef = 407535311979493300356778 /* AFSecurityPolicy.m */; };
		4075353F1979493300356778 /* AFURLConnectionOperation.m in Sources */ = {isa = PBXBuildFile; fileRef = 407535331979493300356778 /* AFURLConnectionOperation.m */; };
		407535401979493300356778 /* AFURLRequestSerialization.m in Sources */ = {isa = PBXBuildFile; fileRef = 407535351979493300356778 /* AFURLRequestSerialization.m */; };
		407535411979493300356778 /* AFURLResponseSerialization.m in Sources */ = {isa = PBXBuildFile; fileRef = 407535371979493300356778 /* AFURLResponseSerialization.m */; };
		407535421979493300356778 /* AFURLSessionManager.m in Sources */ = {isa = PBXBuildFile; fileRef = 407535391979493300356778 /* AFURLSessionManager.m */; };
		4075355519794C7900356778 /* AFNetworkActivityIndicatorManager.m in Sources */ = {isa = PBXBuildFile; fileRef = 4075354519794C7900356778 /* AFNetworkActivityIndicatorManager.m */; };
		4075355619794C7900356778 /* UIActivityIndicatorView+AFNetworking.m in Sources */ = {isa = PBXBuildFile; fileRef = 4075354719794C7900356778 /* UIActivityIndicatorView+AFNetworking.m */; };
		4075355719794C7900356778 /* UIAlertView+AFNetworking.m in Sources */ = {isa = PBXBuildFile; fileRef = 4075354919794C7900356778 /* UIAlertView+AFNetworking.m */; };
		4075355819794C7900356778 /* UIButton+AFNetworking.m in Sources */ = {isa = PBXBuildFile; fileRef = 4075354B19794C7900356778 /* UIButton+AFNetworking.m */; };
		4075355919794C7900356778 /* UIImageView+AFNetworking.m in Sources */ = {isa = PBXBuildFile; fileRef = 4075354D19794C7900356778 /* UIImageView+AFNetworking.m */; };
		4075355A19794C7900356778 /* UIProgressView+AFNetworking.m in Sources */ = {isa = PBXBuildFile; fileRef = 4075355019794C7900356778 /* UIProgressView+AFNetworking.m */; };
		4075355B19794C7900356778 /* UIRefreshControl+AFNetworking.m in Sources */ = {isa = PBXBuildFile; fileRef = 4075355219794C7900356778 /* UIRefreshControl+AFNetworking.m */; };
		4075355C19794C7900356778 /* UIWebView+AFNetworking.m in Sources */ = {isa = PBXBuildFile; fileRef = 4075355419794C7900356778 /* UIWebView+AFNetworking.m */; };
		4077EF9C197B971600FDED39 /* RootViewController.m in Sources */ = {isa = PBXBuildFile; fileRef = 4077EF9B197B971600FDED39 /* RootViewController.m */; };
		4077EF9F197BA51200FDED39 /* TabGroupView.m in Sources */ = {isa = PBXBuildFile; fileRef = 4077EF9E197BA51200FDED39 /* TabGroupView.m */; };
		4079D3FD19C68CA700C07ED7 /* ShareView.m in Sources */ = {isa = PBXBuildFile; fileRef = 4079D3FC19C68CA700C07ED7 /* ShareView.m */; };
		4079D47019C6997900C07ED7 /* libWeiboSDK.a in Frameworks */ = {isa = PBXBuildFile; fileRef = 4079D46D19C6997900C07ED7 /* libWeiboSDK.a */; };
		4079D47119C6997900C07ED7 /* WeiboSDK.bundle in Resources */ = {isa = PBXBuildFile; fileRef = 4079D46E19C6997900C07ED7 /* WeiboSDK.bundle */; };
		407A1DA91985151500954E08 /* UAccountManager.m in Sources */ = {isa = PBXBuildFile; fileRef = 407A1DA81985151500954E08 /* UAccountManager.m */; };
		40987D371996722200D2E100 /* libWeChatSDK.a in Frameworks */ = {isa = PBXBuildFile; fileRef = 40987D341996722200D2E100 /* libWeChatSDK.a */; };
		409C131C19DA4EBF00634997 /* libFlurry_5.4.0.a in Frameworks */ = {isa = PBXBuildFile; fileRef = 409C131B19DA4EBF00634997 /* libFlurry_5.4.0.a */; };
		40A770AF198C8E9D00AEAE96 /* MenuCell.m in Sources */ = {isa = PBXBuildFile; fileRef = 40A770AE198C8E9D00AEAE96 /* MenuCell.m */; };
		40AB5546198DF3BD00E4CC03 /* Images-2.xcassets in Resources */ = {isa = PBXBuildFile; fileRef = 40AB5545198DF3BD00E4CC03 /* Images-2.xcassets */; };
		40AB5548198DF3F200E4CC03 /* Icon-Small@2x.png in Resources */ = {isa = PBXBuildFile; fileRef = 40AB5547198DF3F200E4CC03 /* Icon-Small@2x.png */; };
		40AB554A198DF3FD00E4CC03 /* Icon-40@2x.png in Resources */ = {isa = PBXBuildFile; fileRef = 40AB5549198DF3FD00E4CC03 /* Icon-40@2x.png */; };
		40AB554C198DF40300E4CC03 /* Icon-60@2x.png in Resources */ = {isa = PBXBuildFile; fileRef = 40AB554B198DF40300E4CC03 /* Icon-60@2x.png */; };
		40CDD5CA1998C7B00005EF9C /* yingna1.jpg in Resources */ = {isa = PBXBuildFile; fileRef = 40CDD5C91998C7B00005EF9C /* yingna1.jpg */; };
		40CDD5CD1998DB8C0005EF9C /* Bubble.m in Sources */ = {isa = PBXBuildFile; fileRef = 40CDD5CC1998DB8C0005EF9C /* Bubble.m */; };
		40CFDECD197A42160032B212 /* User.m in Sources */ = {isa = PBXBuildFile; fileRef = 40CFDECC197A42160032B212 /* User.m */; };
		40CFDED0197A42240032B212 /* Feed.m in Sources */ = {isa = PBXBuildFile; fileRef = 40CFDECF197A42240032B212 /* Feed.m */; };
		40CFDEDA197A51160032B212 /* FeedCell.m in Sources */ = {isa = PBXBuildFile; fileRef = 40CFDED9197A51160032B212 /* FeedCell.m */; };
		40DC1AB2198F8C96003939F4 /* RegisterViewController.m in Sources */ = {isa = PBXBuildFile; fileRef = 40DC1AB1198F8C96003939F4 /* RegisterViewController.m */; };
		40DE2429199F117600E744D0 /* ic_nav_menu.png in Resources */ = {isa = PBXBuildFile; fileRef = 40DE2428199F117600E744D0 /* ic_nav_menu.png */; };
		40DE242B199F138000E744D0 /* ic_nav_cmt.png in Resources */ = {isa = PBXBuildFile; fileRef = 40DE242A199F138000E744D0 /* ic_nav_cmt.png */; };
		40DE242F199F13F400E744D0 /* ic_nav_share.png in Resources */ = {isa = PBXBuildFile; fileRef = 40DE242E199F13F400E744D0 /* ic_nav_share.png */; };
		40DE2435199F1C9100E744D0 /* ic_register.png in Resources */ = {isa = PBXBuildFile; fileRef = 40DE2434199F1C9100E744D0 /* ic_register.png */; };
		40DF59F819EFA9E600372CA0 /* FLAnimatedImage.m in Sources */ = {isa = PBXBuildFile; fileRef = 40DF59F519EFA9E600372CA0 /* FLAnimatedImage.m */; };
		40DF59F919EFA9E600372CA0 /* FLAnimatedImageView.m in Sources */ = {isa = PBXBuildFile; fileRef = 40DF59F719EFA9E600372CA0 /* FLAnimatedImageView.m */; };
		40ECDF3D198CB31700425AB6 /* ic_avatar_2.png in Resources */ = {isa = PBXBuildFile; fileRef = 40ECDF3C198CB31700425AB6 /* ic_avatar_2.png */; };
		40ECDF3F198CB35100425AB6 /* ic_favorite_menu.png in Resources */ = {isa = PBXBuildFile; fileRef = 40ECDF3E198CB35100425AB6 /* ic_favorite_menu.png */; };
		40ECDF42198CBB7100425AB6 /* FavoriteViewController.m in Sources */ = {isa = PBXBuildFile; fileRef = 40ECDF41198CBB7100425AB6 /* FavoriteViewController.m */; };
		40ECDF45198CC28B00425AB6 /* FavoriteItem.m in Sources */ = {isa = PBXBuildFile; fileRef = 40ECDF44198CC28B00425AB6 /* FavoriteItem.m */; };
		40F4FBED19D84F0800219872 /* head.png in Resources */ = {isa = PBXBuildFile; fileRef = 40F4FBEC19D84F0800219872 /* head.png */; };
/* End PBXBuildFile section */

/* Begin PBXContainerItemProxy section */
		404508F7197697BD00010684 /* PBXContainerItemProxy */ = {
			isa = PBXContainerItemProxy;
			containerPortal = 404508CF197697BD00010684 /* Project object */;
			proxyType = 1;
			remoteGlobalIDString = 404508D6197697BD00010684;
			remoteInfo = u148;
		};
/* End PBXContainerItemProxy section */

/* Begin PBXFileReference section */
		401BE4631995BB60005A585D /* dolphin1.png */ = {isa = PBXFileReference; lastKnownFileType = image.png; path = dolphin1.png; sourceTree = "<group>"; };
		401BE4641995BB60005A585D /* dolphin2.png */ = {isa = PBXFileReference; lastKnownFileType = image.png; path = dolphin2.png; sourceTree = "<group>"; };
		401BE4651995BB60005A585D /* dolphin3.png */ = {isa = PBXFileReference; lastKnownFileType = image.png; path = dolphin3.png; sourceTree = "<group>"; };
		401BE4661995BB60005A585D /* dolphin4.png */ = {isa = PBXFileReference; lastKnownFileType = image.png; path = dolphin4.png; sourceTree = "<group>"; };
		401BE4671995BB60005A585D /* dolphin5.png */ = {isa = PBXFileReference; lastKnownFileType = image.png; path = dolphin5.png; sourceTree = "<group>"; };
		401BE4681995BB60005A585D /* dolphin7.png */ = {isa = PBXFileReference; lastKnownFileType = image.png; path = dolphin7.png; sourceTree = "<group>"; };
		401BE4691995BB60005A585D /* dolphin8.png */ = {isa = PBXFileReference; lastKnownFileType = image.png; path = dolphin8.png; sourceTree = "<group>"; };
		401BE46A1995BB60005A585D /* dolphin9.png */ = {isa = PBXFileReference; lastKnownFileType = image.png; path = dolphin9.png; sourceTree = "<group>"; };
		401BE4731995BC44005A585D /* bubble_break1.png */ = {isa = PBXFileReference; lastKnownFileType = image.png; path = bubble_break1.png; sourceTree = "<group>"; };
		401BE4741995BC44005A585D /* bubble_break2.png */ = {isa = PBXFileReference; lastKnownFileType = image.png; path = bubble_break2.png; sourceTree = "<group>"; };
		401BE4751995BC44005A585D /* bubble_break3.png */ = {isa = PBXFileReference; lastKnownFileType = image.png; path = bubble_break3.png; sourceTree = "<group>"; };
		401BE4791995BD65005A585D /* dolphin_cry.png */ = {isa = PBXFileReference; lastKnownFileType = image.png; path = dolphin_cry.png; sourceTree = "<group>"; };
		401BE47B1995C10E005A585D /* water.wav */ = {isa = PBXFileReference; lastKnownFileType = audio.wav; path = water.wav; sourceTree = "<group>"; };
		401BE47D1995C27E005A585D /* ic_bubble.png */ = {isa = PBXFileReference; lastKnownFileType = image.png; path = ic_bubble.png; sourceTree = "<group>"; };
		401BE47F1995C72C005A585D /* AVFoundation.framework */ = {isa = PBXFileReference; lastKnownFileType = wrapper.framework; name = AVFoundation.framework; path = System/Library/Frameworks/AVFoundation.framework; sourceTree = SDKROOT; };
		401BE4831995D2C6005A585D /* icon_exit_press.png */ = {isa = PBXFileReference; lastKnownFileType = image.png; path = icon_exit_press.png; sourceTree = "<group>"; };
		401BE4841995D2C6005A585D /* icon_exit.png */ = {isa = PBXFileReference; lastKnownFileType = image.png; path = icon_exit.png; sourceTree = "<group>"; };
		401BE4871995F382005A585D /* bubble.wav */ = {isa = PBXFileReference; lastKnownFileType = audio.wav; path = bubble.wav; sourceTree = "<group>"; };
		401BE48919961F46005A585D /* dolphin6.png */ = {isa = PBXFileReference; lastKnownFileType = image.png; path = dolphin6.png; sourceTree = "<group>"; };
		401BE49019964ACC005A585D /* ic_session.png */ = {isa = PBXFileReference; lastKnownFileType = image.png; path = ic_session.png; sourceTree = "<group>"; };
		401BE49119964ACC005A585D /* ic_friend.png */ = {isa = PBXFileReference; lastKnownFileType = image.png; path = ic_friend.png; sourceTree = "<group>"; };
		4024403C19C6F63E00D5EDFB /* ic_wb.png */ = {isa = PBXFileReference; lastKnownFileType = image.png; path = ic_wb.png; sourceTree = "<group>"; };
		40256638198BE25F00A8FF6A /* TabIndicator.h */ = {isa = PBXFileReference; fileEncoding = 4; lastKnownFileType = sourcecode.c.h; path = TabIndicator.h; sourceTree = "<group>"; };
		40256639198BE25F00A8FF6A /* TabIndicator.m */ = {isa = PBXFileReference; fileEncoding = 4; lastKnownFileType = sourcecode.c.objc; path = TabIndicator.m; sourceTree = "<group>"; };
		40272B1119C171F700B47888 /* PrivacyViewController.h */ = {isa = PBXFileReference; fileEncoding = 4; lastKnownFileType = sourcecode.c.h; path = PrivacyViewController.h; sourceTree = "<group>"; };
		40272B1219C171F700B47888 /* PrivacyViewController.m */ = {isa = PBXFileReference; fileEncoding = 4; lastKnownFileType = sourcecode.c.objc; path = PrivacyViewController.m; sourceTree = "<group>"; };
		4030CBBF1A83861E00F303F0 /* ic_nav_search.png */ = {isa = PBXFileReference; lastKnownFileType = image.png; path = ic_nav_search.png; sourceTree = "<group>"; };
		403387F9197D088F004D49D7 /* MenuViewController.h */ = {isa = PBXFileReference; fileEncoding = 4; lastKnownFileType = sourcecode.c.h; path = MenuViewController.h; sourceTree = "<group>"; };
		403387FA197D088F004D49D7 /* MenuViewController.m */ = {isa = PBXFileReference; fileEncoding = 4; lastKnownFileType = sourcecode.c.objc; path = MenuViewController.m; sourceTree = "<group>"; };
		40348F52197E5E44001C4DE5 /* DetailViewController.h */ = {isa = PBXFileReference; fileEncoding = 4; lastKnownFileType = sourcecode.c.h; path = DetailViewController.h; sourceTree = "<group>"; };
		40348F53197E5E44001C4DE5 /* DetailViewController.m */ = {isa = PBXFileReference; fileEncoding = 4; lastKnownFileType = sourcecode.c.objc; path = DetailViewController.m; sourceTree = "<group>"; };
		40348F55197E628A001C4DE5 /* html */ = {isa = PBXFileReference; lastKnownFileType = folder; path = html; sourceTree = "<group>"; };
		40348F59197E8370001C4DE5 /* SystemConfiguration.framework */ = {isa = PBXFileReference; lastKnownFileType = wrapper.framework; name = SystemConfiguration.framework; path = System/Library/Frameworks/SystemConfiguration.framework; sourceTree = SDKROOT; };
		40348F5B197E8381001C4DE5 /* Security.framework */ = {isa = PBXFileReference; lastKnownFileType = wrapper.framework; name = Security.framework; path = System/Library/Frameworks/Security.framework; sourceTree = SDKROOT; };
		40358F11197FD9EC00CE64EA /* PhotoViewController.h */ = {isa = PBXFileReference; fileEncoding = 4; lastKnownFileType = sourcecode.c.h; path = PhotoViewController.h; sourceTree = "<group>"; };
		40358F12197FD9EC00CE64EA /* PhotoViewController.m */ = {isa = PBXFileReference; fileEncoding = 4; lastKnownFileType = sourcecode.c.objc; path = PhotoViewController.m; sourceTree = "<group>"; };
		40358F1A197FFE4700CE64EA /* CommentViewController.h */ = {isa = PBXFileReference; fileEncoding = 4; lastKnownFileType = sourcecode.c.h; path = CommentViewController.h; sourceTree = "<group>"; };
		40358F1B197FFE4700CE64EA /* CommentViewController.m */ = {isa = PBXFileReference; fileEncoding = 4; lastKnownFileType = sourcecode.c.objc; path = CommentViewController.m; sourceTree = "<group>"; };
		403AC93E1980B94100AE28DE /* Comment.h */ = {isa = PBXFileReference; fileEncoding = 4; lastKnownFileType = sourcecode.c.h; path = Comment.h; sourceTree = "<group>"; };
		403AC93F1980B94100AE28DE /* Comment.m */ = {isa = PBXFileReference; fileEncoding = 4; lastKnownFileType = sourcecode.c.objc; path = Comment.m; sourceTree = "<group>"; };
		403AC9411980E6E000AE28DE /* user_default.png */ = {isa = PBXFileReference; lastKnownFileType = image.png; path = user_default.png; sourceTree = "<group>"; };
		403AC9431980E7B800AE28DE /* CommentCell.h */ = {isa = PBXFileReference; fileEncoding = 4; lastKnownFileType = sourcecode.c.h; path = CommentCell.h; sourceTree = "<group>"; };
		403AC9441980E7B800AE28DE /* CommentCell.m */ = {isa = PBXFileReference; fileEncoding = 4; lastKnownFileType = sourcecode.c.objc; path = CommentCell.m; sourceTree = "<group>"; };
		403AC9461981064800AE28DE /* NSString+HTML.h */ = {isa = PBXFileReference; fileEncoding = 4; lastKnownFileType = sourcecode.c.h; path = "NSString+HTML.h"; sourceTree = "<group>"; };
		403AC9471981064800AE28DE /* NSString+HTML.m */ = {isa = PBXFileReference; fileEncoding = 4; lastKnownFileType = sourcecode.c.objc; path = "NSString+HTML.m"; sourceTree = "<group>"; };
		403AC94A1981072B00AE28DE /* GTMNSString+HTML.h */ = {isa = PBXFileReference; fileEncoding = 4; lastKnownFileType = sourcecode.c.h; path = "GTMNSString+HTML.h"; sourceTree = "<group>"; };
		403AC94B1981072B00AE28DE /* GTMNSString+HTML.m */ = {isa = PBXFileReference; fileEncoding = 4; lastKnownFileType = sourcecode.c.objc; path = "GTMNSString+HTML.m"; sourceTree = "<group>"; };
		403E51181A831A3D00D71170 /* UIImage+Color.h */ = {isa = PBXFileReference; fileEncoding = 4; lastKnownFileType = sourcecode.c.h; path = "UIImage+Color.h"; sourceTree = "<group>"; };
		403E51191A831A3D00D71170 /* UIImage+Color.m */ = {isa = PBXFileReference; fileEncoding = 4; lastKnownFileType = sourcecode.c.objc; path = "UIImage+Color.m"; sourceTree = "<group>"; };
		403FD8AA1A8243B900B5F980 /* ic_action_search.png */ = {isa = PBXFileReference; lastKnownFileType = image.png; path = ic_action_search.png; sourceTree = "<group>"; };
		403FD8AC1A82560400B5F980 /* SearchViewController.h */ = {isa = PBXFileReference; fileEncoding = 4; lastKnownFileType = sourcecode.c.h; path = SearchViewController.h; sourceTree = "<group>"; };
		403FD8AD1A82560400B5F980 /* SearchViewController.m */ = {isa = PBXFileReference; fileEncoding = 4; lastKnownFileType = sourcecode.c.objc; path = SearchViewController.m; sourceTree = "<group>"; };
		404508D7197697BD00010684 /* u148.app */ = {isa = PBXFileReference; explicitFileType = wrapper.application; includeInIndex = 0; path = u148.app; sourceTree = BUILT_PRODUCTS_DIR; };
		404508DA197697BD00010684 /* Foundation.framework */ = {isa = PBXFileReference; lastKnownFileType = wrapper.framework; name = Foundation.framework; path = System/Library/Frameworks/Foundation.framework; sourceTree = SDKROOT; };
		404508DC197697BD00010684 /* CoreGraphics.framework */ = {isa = PBXFileReference; lastKnownFileType = wrapper.framework; name = CoreGraphics.framework; path = System/Library/Frameworks/CoreGraphics.framework; sourceTree = SDKROOT; };
		404508DE197697BD00010684 /* UIKit.framework */ = {isa = PBXFileReference; lastKnownFileType = wrapper.framework; name = UIKit.framework; path = System/Library/Frameworks/UIKit.framework; sourceTree = SDKROOT; };
		404508E2197697BD00010684 /* u148-Info.plist */ = {isa = PBXFileReference; lastKnownFileType = text.plist.xml; path = "u148-Info.plist"; sourceTree = "<group>"; };
		404508E4197697BD00010684 /* en */ = {isa = PBXFileReference; lastKnownFileType = text.plist.strings; name = en; path = en.lproj/InfoPlist.strings; sourceTree = "<group>"; };
		404508E6197697BD00010684 /* main.m */ = {isa = PBXFileReference; lastKnownFileType = sourcecode.c.objc; path = main.m; sourceTree = "<group>"; };
		404508E8197697BD00010684 /* u148-Prefix.pch */ = {isa = PBXFileReference; lastKnownFileType = sourcecode.c.h; path = "u148-Prefix.pch"; sourceTree = "<group>"; };
		404508E9197697BD00010684 /* AppDelegate.h */ = {isa = PBXFileReference; lastKnownFileType = sourcecode.c.h; path = AppDelegate.h; sourceTree = "<group>"; };
		404508EA197697BD00010684 /* AppDelegate.m */ = {isa = PBXFileReference; lastKnownFileType = sourcecode.c.objc; path = AppDelegate.m; sourceTree = "<group>"; };
		404508EC197697BD00010684 /* Images.xcassets */ = {isa = PBXFileReference; lastKnownFileType = folder.assetcatalog; path = Images.xcassets; sourceTree = "<group>"; };
		404508F2197697BD00010684 /* u148Tests.xctest */ = {isa = PBXFileReference; explicitFileType = wrapper.cfbundle; includeInIndex = 0; path = u148Tests.xctest; sourceTree = BUILT_PRODUCTS_DIR; };
		404508F3197697BD00010684 /* XCTest.framework */ = {isa = PBXFileReference; lastKnownFileType = wrapper.framework; name = XCTest.framework; path = Library/Frameworks/XCTest.framework; sourceTree = DEVELOPER_DIR; };
		404508FB197697BD00010684 /* u148Tests-Info.plist */ = {isa = PBXFileReference; lastKnownFileType = text.plist.xml; path = "u148Tests-Info.plist"; sourceTree = "<group>"; };
		404508FD197697BD00010684 /* en */ = {isa = PBXFileReference; lastKnownFileType = text.plist.strings; name = en; path = en.lproj/InfoPlist.strings; sourceTree = "<group>"; };
		404508FF197697BD00010684 /* u148Tests.m */ = {isa = PBXFileReference; lastKnownFileType = sourcecode.c.objc; path = u148Tests.m; sourceTree = "<group>"; };
		40450909197698AC00010684 /* FeedsViewController.h */ = {isa = PBXFileReference; fileEncoding = 4; lastKnownFileType = sourcecode.c.h; path = FeedsViewController.h; sourceTree = "<group>"; };
		4045090A197698AC00010684 /* FeedsViewController.m */ = {isa = PBXFileReference; fileEncoding = 4; lastKnownFileType = sourcecode.c.objc; path = FeedsViewController.m; sourceTree = "<group>"; };
		40493C3919891326004CB31F /* MBProgressHUD.h */ = {isa = PBXFileReference; fileEncoding = 4; lastKnownFileType = sourcecode.c.h; path = MBProgressHUD.h; sourceTree = "<group>"; };
		40493C3A19891326004CB31F /* MBProgressHUD.m */ = {isa = PBXFileReference; fileEncoding = 4; lastKnownFileType = sourcecode.c.objc; path = MBProgressHUD.m; sourceTree = "<group>"; };
		404E8A4F19DAF380008CD99B /* road.jpg */ = {isa = PBXFileReference; lastKnownFileType = image.jpeg; path = road.jpg; sourceTree = "<group>"; };
		404E8A5319DB04AE008CD99B /* ic_menu1.png */ = {isa = PBXFileReference; lastKnownFileType = image.png; path = ic_menu1.png; sourceTree = "<group>"; };
		404E8A5419DB04AE008CD99B /* ic_menu2.png */ = {isa = PBXFileReference; lastKnownFileType = image.png; path = ic_menu2.png; sourceTree = "<group>"; };
		404E8A5519DB04AE008CD99B /* ic_menu3.png */ = {isa = PBXFileReference; lastKnownFileType = image.png; path = ic_menu3.png; sourceTree = "<group>"; };
		404E8A5619DB04AE008CD99B /* ic_menu4.png */ = {isa = PBXFileReference; lastKnownFileType = image.png; path = ic_menu4.png; sourceTree = "<group>"; };
		404E8A5B19DB0909008CD99B /* ic_nav_favorite.png */ = {isa = PBXFileReference; lastKnownFileType = image.png; path = ic_nav_favorite.png; sourceTree = "<group>"; };
		40558004198E08EB009C3D19 /* MessageUI.framework */ = {isa = PBXFileReference; lastKnownFileType = wrapper.framework; name = MessageUI.framework; path = System/Library/Frameworks/MessageUI.framework; sourceTree = SDKROOT; };
		4055800A198E0FD2009C3D19 /* CustomIOS7AlertView.h */ = {isa = PBXFileReference; fileEncoding = 4; lastKnownFileType = sourcecode.c.h; name = CustomIOS7AlertView.h; path = "../../../../ios_lib/ios-custom-alertview/CustomIOS7AlertView/CustomIOS7AlertView/View/CustomIOS7AlertView.h"; sourceTree = "<group>"; };
		4055800B198E0FD2009C3D19 /* CustomIOS7AlertView.m */ = {isa = PBXFileReference; fileEncoding = 4; lastKnownFileType = sourcecode.c.objc; name = CustomIOS7AlertView.m; path = "../../../../ios_lib/ios-custom-alertview/CustomIOS7AlertView/CustomIOS7AlertView/View/CustomIOS7AlertView.m"; sourceTree = "<group>"; };
		40558013198E1D4B009C3D19 /* SurprizeViewController.h */ = {isa = PBXFileReference; fileEncoding = 4; lastKnownFileType = sourcecode.c.h; path = SurprizeViewController.h; sourceTree = "<group>"; };
		40558014198E1D4B009C3D19 /* SurprizeViewController.m */ = {isa = PBXFileReference; fileEncoding = 4; lastKnownFileType = sourcecode.c.objc; path = SurprizeViewController.m; sourceTree = "<group>"; };
		4061E0BE19DFD2C40014D19B /* compass_background@2x.png */ = {isa = PBXFileReference; lastKnownFileType = image.png; path = "compass_background@2x.png"; sourceTree = "<group>"; };
		4061E0C019DFD2C90014D19B /* compass_spinner@2x.png */ = {isa = PBXFileReference; lastKnownFileType = image.png; path = "compass_spinner@2x.png"; sourceTree = "<group>"; };
		4061E0C219DFE7030014D19B /* zh-Hans */ = {isa = PBXFileReference; lastKnownFileType = text.plist.strings; name = "zh-Hans"; path = "zh-Hans.lproj/InfoPlist.strings"; sourceTree = "<group>"; };
		4061E0C319DFE7030014D19B /* zh-Hans */ = {isa = PBXFileReference; lastKnownFileType = text.plist.strings; name = "zh-Hans"; path = "zh-Hans.lproj/InfoPlist.strings"; sourceTree = "<group>"; };
		40736CC2198DF56B00A47D29 /* ic_place_holder.png */ = {isa = PBXFileReference; lastKnownFileType = image.png; path = ic_place_holder.png; sourceTree = "<group>"; };
		4074AE3F1990D8CF00B4D8A7 /* ic_logo_big.png */ = {isa = PBXFileReference; lastKnownFileType = image.png; path = ic_logo_big.png; sourceTree = "<group>"; };
		4074AE411990D93400B4D8A7 /* bubble_bkg4.jpg */ = {isa = PBXFileReference; lastKnownFileType = image.jpeg; path = bubble_bkg4.jpg; sourceTree = "<group>"; };
		4074AE421990D93400B4D8A7 /* bubble_bkg5.jpg */ = {isa = PBXFileReference; lastKnownFileType = image.jpeg; path = bubble_bkg5.jpg; sourceTree = "<group>"; };
		4074AE451990FA2700B4D8A7 /* ic_back.png */ = {isa = PBXFileReference; lastKnownFileType = image.png; path = ic_back.png; sourceTree = "<group>"; };
		407535271979493300356778 /* AFHTTPRequestOperation.h */ = {isa = PBXFileReference; fileEncoding = 4; lastKnownFileType = sourcecode.c.h; path = AFHTTPRequestOperation.h; sourceTree = "<group>"; };
		407535281979493300356778 /* AFHTTPRequestOperation.m */ = {isa = PBXFileReference; fileEncoding = 4; lastKnownFileType = sourcecode.c.objc; path = AFHTTPRequestOperation.m; sourceTree = "<group>"; };
		407535291979493300356778 /* AFHTTPRequestOperationManager.h */ = {isa = PBXFileReference; fileEncoding = 4; lastKnownFileType = sourcecode.c.h; path = AFHTTPRequestOperationManager.h; sourceTree = "<group>"; };
		4075352A1979493300356778 /* AFHTTPRequestOperationManager.m */ = {isa = PBXFileReference; fileEncoding = 4; lastKnownFileType = sourcecode.c.objc; path = AFHTTPRequestOperationManager.m; sourceTree = "<group>"; };
		4075352B1979493300356778 /* AFHTTPSessionManager.h */ = {isa = PBXFileReference; fileEncoding = 4; lastKnownFileType = sourcecode.c.h; path = AFHTTPSessionManager.h; sourceTree = "<group>"; };
		4075352C1979493300356778 /* AFHTTPSessionManager.m */ = {isa = PBXFileReference; fileEncoding = 4; lastKnownFileType = sourcecode.c.objc; path = AFHTTPSessionManager.m; sourceTree = "<group>"; };
		4075352D1979493300356778 /* AFNetworking.h */ = {isa = PBXFileReference; fileEncoding = 4; lastKnownFileType = sourcecode.c.h; path = AFNetworking.h; sourceTree = "<group>"; };
		4075352E1979493300356778 /* AFNetworkReachabilityManager.h */ = {isa = PBXFileReference; fileEncoding = 4; lastKnownFileType = sourcecode.c.h; path = AFNetworkReachabilityManager.h; sourceTree = "<group>"; };
		4075352F1979493300356778 /* AFNetworkReachabilityManager.m */ = {isa = PBXFileReference; fileEncoding = 4; lastKnownFileType = sourcecode.c.objc; path = AFNetworkReachabilityManager.m; sourceTree = "<group>"; };
		407535301979493300356778 /* AFSecurityPolicy.h */ = {isa = PBXFileReference; fileEncoding = 4; lastKnownFileType = sourcecode.c.h; path = AFSecurityPolicy.h; sourceTree = "<group>"; };
		407535311979493300356778 /* AFSecurityPolicy.m */ = {isa = PBXFileReference; fileEncoding = 4; lastKnownFileType = sourcecode.c.objc; path = AFSecurityPolicy.m; sourceTree = "<group>"; };
		407535321979493300356778 /* AFURLConnectionOperation.h */ = {isa = PBXFileReference; fileEncoding = 4; lastKnownFileType = sourcecode.c.h; path = AFURLConnectionOperation.h; sourceTree = "<group>"; };
		407535331979493300356778 /* AFURLConnectionOperation.m */ = {isa = PBXFileReference; fileEncoding = 4; lastKnownFileType = sourcecode.c.objc; path = AFURLConnectionOperation.m; sourceTree = "<group>"; };
		407535341979493300356778 /* AFURLRequestSerialization.h */ = {isa = PBXFileReference; fileEncoding = 4; lastKnownFileType = sourcecode.c.h; path = AFURLRequestSerialization.h; sourceTree = "<group>"; };
		407535351979493300356778 /* AFURLRequestSerialization.m */ = {isa = PBXFileReference; fileEncoding = 4; lastKnownFileType = sourcecode.c.objc; path = AFURLRequestSerialization.m; sourceTree = "<group>"; };
		407535361979493300356778 /* AFURLResponseSerialization.h */ = {isa = PBXFileReference; fileEncoding = 4; lastKnownFileType = sourcecode.c.h; path = AFURLResponseSerialization.h; sourceTree = "<group>"; };
		407535371979493300356778 /* AFURLResponseSerialization.m */ = {isa = PBXFileReference; fileEncoding = 4; lastKnownFileType = sourcecode.c.objc; path = AFURLResponseSerialization.m; sourceTree = "<group>"; };
		407535381979493300356778 /* AFURLSessionManager.h */ = {isa = PBXFileReference; fileEncoding = 4; lastKnownFileType = sourcecode.c.h; path = AFURLSessionManager.h; sourceTree = "<group>"; };
		407535391979493300356778 /* AFURLSessionManager.m */ = {isa = PBXFileReference; fileEncoding = 4; lastKnownFileType = sourcecode.c.objc; path = AFURLSessionManager.m; sourceTree = "<group>"; };
		4075354419794C7900356778 /* AFNetworkActivityIndicatorManager.h */ = {isa = PBXFileReference; fileEncoding = 4; lastKnownFileType = sourcecode.c.h; path = AFNetworkActivityIndicatorManager.h; sourceTree = "<group>"; };
		4075354519794C7900356778 /* AFNetworkActivityIndicatorManager.m */ = {isa = PBXFileReference; fileEncoding = 4; lastKnownFileType = sourcecode.c.objc; path = AFNetworkActivityIndicatorManager.m; sourceTree = "<group>"; };
		4075354619794C7900356778 /* UIActivityIndicatorView+AFNetworking.h */ = {isa = PBXFileReference; fileEncoding = 4; lastKnownFileType = sourcecode.c.h; path = "UIActivityIndicatorView+AFNetworking.h"; sourceTree = "<group>"; };
		4075354719794C7900356778 /* UIActivityIndicatorView+AFNetworking.m */ = {isa = PBXFileReference; fileEncoding = 4; lastKnownFileType = sourcecode.c.objc; path = "UIActivityIndicatorView+AFNetworking.m"; sourceTree = "<group>"; };
		4075354819794C7900356778 /* UIAlertView+AFNetworking.h */ = {isa = PBXFileReference; fileEncoding = 4; lastKnownFileType = sourcecode.c.h; path = "UIAlertView+AFNetworking.h"; sourceTree = "<group>"; };
		4075354919794C7900356778 /* UIAlertView+AFNetworking.m */ = {isa = PBXFileReference; fileEncoding = 4; lastKnownFileType = sourcecode.c.objc; path = "UIAlertView+AFNetworking.m"; sourceTree = "<group>"; };
		4075354A19794C7900356778 /* UIButton+AFNetworking.h */ = {isa = PBXFileReference; fileEncoding = 4; lastKnownFileType = sourcecode.c.h; path = "UIButton+AFNetworking.h"; sourceTree = "<group>"; };
		4075354B19794C7900356778 /* UIButton+AFNetworking.m */ = {isa = PBXFileReference; fileEncoding = 4; lastKnownFileType = sourcecode.c.objc; path = "UIButton+AFNetworking.m"; sourceTree = "<group>"; };
		4075354C19794C7900356778 /* UIImageView+AFNetworking.h */ = {isa = PBXFileReference; fileEncoding = 4; lastKnownFileType = sourcecode.c.h; path = "UIImageView+AFNetworking.h"; sourceTree = "<group>"; };
		4075354D19794C7900356778 /* UIImageView+AFNetworking.m */ = {isa = PBXFileReference; fileEncoding = 4; lastKnownFileType = sourcecode.c.objc; path = "UIImageView+AFNetworking.m"; sourceTree = "<group>"; };
		4075354E19794C7900356778 /* UIKit+AFNetworking.h */ = {isa = PBXFileReference; fileEncoding = 4; lastKnownFileType = sourcecode.c.h; path = "UIKit+AFNetworking.h"; sourceTree = "<group>"; };
		4075354F19794C7900356778 /* UIProgressView+AFNetworking.h */ = {isa = PBXFileReference; fileEncoding = 4; lastKnownFileType = sourcecode.c.h; path = "UIProgressView+AFNetworking.h"; sourceTree = "<group>"; };
		4075355019794C7900356778 /* UIProgressView+AFNetworking.m */ = {isa = PBXFileReference; fileEncoding = 4; lastKnownFileType = sourcecode.c.objc; path = "UIProgressView+AFNetworking.m"; sourceTree = "<group>"; };
		4075355119794C7900356778 /* UIRefreshControl+AFNetworking.h */ = {isa = PBXFileReference; fileEncoding = 4; lastKnownFileType = sourcecode.c.h; path = "UIRefreshControl+AFNetworking.h"; sourceTree = "<group>"; };
		4075355219794C7900356778 /* UIRefreshControl+AFNetworking.m */ = {isa = PBXFileReference; fileEncoding = 4; lastKnownFileType = sourcecode.c.objc; path = "UIRefreshControl+AFNetworking.m"; sourceTree = "<group>"; };
		4075355319794C7900356778 /* UIWebView+AFNetworking.h */ = {isa = PBXFileReference; fileEncoding = 4; lastKnownFileType = sourcecode.c.h; path = "UIWebView+AFNetworking.h"; sourceTree = "<group>"; };
		4075355419794C7900356778 /* UIWebView+AFNetworking.m */ = {isa = PBXFileReference; fileEncoding = 4; lastKnownFileType = sourcecode.c.objc; path = "UIWebView+AFNetworking.m"; sourceTree = "<group>"; };
		4077EF9A197B971600FDED39 /* RootViewController.h */ = {isa = PBXFileReference; fileEncoding = 4; lastKnownFileType = sourcecode.c.h; path = RootViewController.h; sourceTree = "<group>"; };
		4077EF9B197B971600FDED39 /* RootViewController.m */ = {isa = PBXFileReference; fileEncoding = 4; lastKnownFileType = sourcecode.c.objc; path = RootViewController.m; sourceTree = "<group>"; };
		4077EF9D197BA51200FDED39 /* TabGroupView.h */ = {isa = PBXFileReference; fileEncoding = 4; lastKnownFileType = sourcecode.c.h; path = TabGroupView.h; sourceTree = "<group>"; };
		4077EF9E197BA51200FDED39 /* TabGroupView.m */ = {isa = PBXFileReference; fileEncoding = 4; lastKnownFileType = sourcecode.c.objc; path = TabGroupView.m; sourceTree = "<group>"; };
		4079D3FB19C68CA600C07ED7 /* ShareView.h */ = {isa = PBXFileReference; fileEncoding = 4; lastKnownFileType = sourcecode.c.h; path = ShareView.h; sourceTree = "<group>"; };
		4079D3FC19C68CA700C07ED7 /* ShareView.m */ = {isa = PBXFileReference; fileEncoding = 4; lastKnownFileType = sourcecode.c.objc; path = ShareView.m; sourceTree = "<group>"; };
		4079D46D19C6997900C07ED7 /* libWeiboSDK.a */ = {isa = PBXFileReference; lastKnownFileType = archive.ar; path = libWeiboSDK.a; sourceTree = "<group>"; };
		4079D46E19C6997900C07ED7 /* WeiboSDK.bundle */ = {isa = PBXFileReference; lastKnownFileType = "wrapper.plug-in"; path = WeiboSDK.bundle; sourceTree = "<group>"; };
		4079D46F19C6997900C07ED7 /* WeiboSDK.h */ = {isa = PBXFileReference; fileEncoding = 4; lastKnownFileType = sourcecode.c.h; path = WeiboSDK.h; sourceTree = "<group>"; };
		407A1DA71985151500954E08 /* UAccountManager.h */ = {isa = PBXFileReference; fileEncoding = 4; lastKnownFileType = sourcecode.c.h; path = UAccountManager.h; sourceTree = "<group>"; };
		407A1DA81985151500954E08 /* UAccountManager.m */ = {isa = PBXFileReference; fileEncoding = 4; lastKnownFileType = sourcecode.c.objc; path = UAccountManager.m; sourceTree = "<group>"; };
		408C5D1619D036AA000D5949 /* AudioToolbox.framework */ = {isa = PBXFileReference; lastKnownFileType = wrapper.framework; name = AudioToolbox.framework; path = System/Library/Frameworks/AudioToolbox.framework; sourceTree = SDKROOT; };
		40987D341996722200D2E100 /* libWeChatSDK.a */ = {isa = PBXFileReference; lastKnownFileType = archive.ar; path = libWeChatSDK.a; sourceTree = "<group>"; };
		40987D351996722200D2E100 /* WXApi.h */ = {isa = PBXFileReference; fileEncoding = 4; lastKnownFileType = sourcecode.c.h; path = WXApi.h; sourceTree = "<group>"; };
		40987D361996722200D2E100 /* WXApiObject.h */ = {isa = PBXFileReference; fileEncoding = 4; lastKnownFileType = sourcecode.c.h; path = WXApiObject.h; sourceTree = "<group>"; };
		409C131A19DA4EBF00634997 /* Flurry.h */ = {isa = PBXFileReference; fileEncoding = 4; lastKnownFileType = sourcecode.c.h; path = Flurry.h; sourceTree = "<group>"; };
		409C131B19DA4EBF00634997 /* libFlurry_5.4.0.a */ = {isa = PBXFileReference; lastKnownFileType = archive.ar; path = libFlurry_5.4.0.a; sourceTree = "<group>"; };
		40A770AD198C8E9D00AEAE96 /* MenuCell.h */ = {isa = PBXFileReference; fileEncoding = 4; lastKnownFileType = sourcecode.c.h; path = MenuCell.h; sourceTree = "<group>"; };
		40A770AE198C8E9D00AEAE96 /* MenuCell.m */ = {isa = PBXFileReference; fileEncoding = 4; lastKnownFileType = sourcecode.c.objc; path = MenuCell.m; sourceTree = "<group>"; };
		40AB5545198DF3BD00E4CC03 /* Images-2.xcassets */ = {isa = PBXFileReference; lastKnownFileType = folder.assetcatalog; path = "Images-2.xcassets"; sourceTree = "<group>"; };
		40AB5547198DF3F200E4CC03 /* Icon-Small@2x.png */ = {isa = PBXFileReference; lastKnownFileType = image.png; path = "Icon-Small@2x.png"; sourceTree = "<group>"; };
		40AB5549198DF3FD00E4CC03 /* Icon-40@2x.png */ = {isa = PBXFileReference; lastKnownFileType = image.png; path = "Icon-40@2x.png"; sourceTree = "<group>"; };
		40AB554B198DF40300E4CC03 /* Icon-60@2x.png */ = {isa = PBXFileReference; lastKnownFileType = image.png; path = "Icon-60@2x.png"; sourceTree = "<group>"; };
		40CDD5C91998C7B00005EF9C /* yingna1.jpg */ = {isa = PBXFileReference; lastKnownFileType = image.jpeg; path = yingna1.jpg; sourceTree = "<group>"; };
		40CDD5CB1998DB8C0005EF9C /* Bubble.h */ = {isa = PBXFileReference; fileEncoding = 4; lastKnownFileType = sourcecode.c.h; path = Bubble.h; sourceTree = "<group>"; };
		40CDD5CC1998DB8C0005EF9C /* Bubble.m */ = {isa = PBXFileReference; fileEncoding = 4; lastKnownFileType = sourcecode.c.objc; path = Bubble.m; sourceTree = "<group>"; };
		40CFDECB197A42160032B212 /* User.h */ = {isa = PBXFileReference; fileEncoding = 4; lastKnownFileType = sourcecode.c.h; path = User.h; sourceTree = "<group>"; };
		40CFDECC197A42160032B212 /* User.m */ = {isa = PBXFileReference; fileEncoding = 4; lastKnownFileType = sourcecode.c.objc; path = User.m; sourceTree = "<group>"; };
		40CFDECE197A42240032B212 /* Feed.h */ = {isa = PBXFileReference; fileEncoding = 4; lastKnownFileType = sourcecode.c.h; path = Feed.h; sourceTree = "<group>"; };
		40CFDECF197A42240032B212 /* Feed.m */ = {isa = PBXFileReference; fileEncoding = 4; lastKnownFileType = sourcecode.c.objc; path = Feed.m; sourceTree = "<group>"; };
		40CFDED8197A51160032B212 /* FeedCell.h */ = {isa = PBXFileReference; fileEncoding = 4; lastKnownFileType = sourcecode.c.h; path = FeedCell.h; sourceTree = "<group>"; };
		40CFDED9197A51160032B212 /* FeedCell.m */ = {isa = PBXFileReference; fileEncoding = 4; lastKnownFileType = sourcecode.c.objc; path = FeedCell.m; sourceTree = "<group>"; };
		40DC1AB0198F8C96003939F4 /* RegisterViewController.h */ = {isa = PBXFileReference; fileEncoding = 4; lastKnownFileType = sourcecode.c.h; path = RegisterViewController.h; sourceTree = "<group>"; };
		40DC1AB1198F8C96003939F4 /* RegisterViewController.m */ = {isa = PBXFileReference; fileEncoding = 4; lastKnownFileType = sourcecode.c.objc; path = RegisterViewController.m; sourceTree = "<group>"; };
		40DE2428199F117600E744D0 /* ic_nav_menu.png */ = {isa = PBXFileReference; lastKnownFileType = image.png; path = ic_nav_menu.png; sourceTree = "<group>"; };
		40DE242A199F138000E744D0 /* ic_nav_cmt.png */ = {isa = PBXFileReference; lastKnownFileType = image.png; path = ic_nav_cmt.png; sourceTree = "<group>"; };
		40DE242E199F13F400E744D0 /* ic_nav_share.png */ = {isa = PBXFileReference; lastKnownFileType = image.png; path = ic_nav_share.png; sourceTree = "<group>"; };
		40DE2434199F1C9100E744D0 /* ic_register.png */ = {isa = PBXFileReference; lastKnownFileType = image.png; path = ic_register.png; sourceTree = "<group>"; };
		40DF59F419EFA9E600372CA0 /* FLAnimatedImage.h */ = {isa = PBXFileReference; fileEncoding = 4; lastKnownFileType = sourcecode.c.h; path = FLAnimatedImage.h; sourceTree = "<group>"; };
		40DF59F519EFA9E600372CA0 /* FLAnimatedImage.m */ = {isa = PBXFileReference; fileEncoding = 4; lastKnownFileType = sourcecode.c.objc; path = FLAnimatedImage.m; sourceTree = "<group>"; };
		40DF59F619EFA9E600372CA0 /* FLAnimatedImageView.h */ = {isa = PBXFileReference; fileEncoding = 4; lastKnownFileType = sourcecode.c.h; path = FLAnimatedImageView.h; sourceTree = "<group>"; };
		40DF59F719EFA9E600372CA0 /* FLAnimatedImageView.m */ = {isa = PBXFileReference; fileEncoding = 4; lastKnownFileType = sourcecode.c.objc; path = FLAnimatedImageView.m; sourceTree = "<group>"; };
		40ECDF3C198CB31700425AB6 /* ic_avatar_2.png */ = {isa = PBXFileReference; lastKnownFileType = image.png; path = ic_avatar_2.png; sourceTree = "<group>"; };
		40ECDF3E198CB35100425AB6 /* ic_favorite_menu.png */ = {isa = PBXFileReference; lastKnownFileType = image.png; path = ic_favorite_menu.png; sourceTree = "<group>"; };
		40ECDF40198CBB7100425AB6 /* FavoriteViewController.h */ = {isa = PBXFileReference; fileEncoding = 4; lastKnownFileType = sourcecode.c.h; path = FavoriteViewController.h; sourceTree = "<group>"; };
		40ECDF41198CBB7100425AB6 /* FavoriteViewController.m */ = {isa = PBXFileReference; fileEncoding = 4; lastKnownFileType = sourcecode.c.objc; path = FavoriteViewController.m; sourceTree = "<group>"; };
		40ECDF43198CC28B00425AB6 /* FavoriteItem.h */ = {isa = PBXFileReference; fileEncoding = 4; lastKnownFileType = sourcecode.c.h; path = FavoriteItem.h; sourceTree = "<group>"; };
		40ECDF44198CC28B00425AB6 /* FavoriteItem.m */ = {isa = PBXFileReference; fileEncoding = 4; lastKnownFileType = sourcecode.c.objc; path = FavoriteItem.m; sourceTree = "<group>"; };
		40F4FBEC19D84F0800219872 /* head.png */ = {isa = PBXFileReference; lastKnownFileType = image.png; path = head.png; sourceTree = "<group>"; };
/* End PBXFileReference section */

/* Begin PBXFrameworksBuildPhase section */
		404508D4197697BD00010684 /* Frameworks */ = {
			isa = PBXFrameworksBuildPhase;
			buildActionMask = 2147483647;
			files = (
				401BE4801995C72C005A585D /* AVFoundation.framework in Frameworks */,
				40558005198E08EB009C3D19 /* MessageUI.framework in Frameworks */,
				40987D371996722200D2E100 /* libWeChatSDK.a in Frameworks */,
				40348F5C197E8381001C4DE5 /* Security.framework in Frameworks */,
				40348F5A197E8370001C4DE5 /* SystemConfiguration.framework in Frameworks */,
				409C131C19DA4EBF00634997 /* libFlurry_5.4.0.a in Frameworks */,
				4079D47019C6997900C07ED7 /* libWeiboSDK.a in Frameworks */,
				404508DD197697BD00010684 /* CoreGraphics.framework in Frameworks */,
				404508DF197697BD00010684 /* UIKit.framework in Frameworks */,
				404508DB197697BD00010684 /* Foundation.framework in Frameworks */,
			);
			runOnlyForDeploymentPostprocessing = 0;
		};
		404508EF197697BD00010684 /* Frameworks */ = {
			isa = PBXFrameworksBuildPhase;
			buildActionMask = 2147483647;
			files = (
				404508F4197697BD00010684 /* XCTest.framework in Frameworks */,
				404508F6197697BD00010684 /* UIKit.framework in Frameworks */,
				404508F5197697BD00010684 /* Foundation.framework in Frameworks */,
			);
			runOnlyForDeploymentPostprocessing = 0;
		};
/* End PBXFrameworksBuildPhase section */

/* Begin PBXGroup section */
		403AC9491981070B00AE28DE /* HtmlString */ = {
			isa = PBXGroup;
			children = (
				403AC94A1981072B00AE28DE /* GTMNSString+HTML.h */,
				403AC94B1981072B00AE28DE /* GTMNSString+HTML.m */,
				403AC9461981064800AE28DE /* NSString+HTML.h */,
				403AC9471981064800AE28DE /* NSString+HTML.m */,
			);
			name = HtmlString;
			sourceTree = "<group>";
		};
		404508CE197697BD00010684 = {
			isa = PBXGroup;
			children = (
				404508E0197697BD00010684 /* u148 */,
				404508F9197697BD00010684 /* u148Tests */,
				404508D9197697BD00010684 /* Frameworks */,
				404508D8197697BD00010684 /* Products */,
			);
			sourceTree = "<group>";
		};
		404508D8197697BD00010684 /* Products */ = {
			isa = PBXGroup;
			children = (
				404508D7197697BD00010684 /* u148.app */,
				404508F2197697BD00010684 /* u148Tests.xctest */,
			);
			name = Products;
			sourceTree = "<group>";
		};
		404508D9197697BD00010684 /* Frameworks */ = {
			isa = PBXGroup;
			children = (
				408C5D1619D036AA000D5949 /* AudioToolbox.framework */,
				401BE47F1995C72C005A585D /* AVFoundation.framework */,
				40558004198E08EB009C3D19 /* MessageUI.framework */,
				40348F5B197E8381001C4DE5 /* Security.framework */,
				40348F59197E8370001C4DE5 /* SystemConfiguration.framework */,
				404508DA197697BD00010684 /* Foundation.framework */,
				404508DC197697BD00010684 /* CoreGraphics.framework */,
				404508DE197697BD00010684 /* UIKit.framework */,
				404508F3197697BD00010684 /* XCTest.framework */,
			);
			name = Frameworks;
			sourceTree = "<group>";
		};
		404508E0197697BD00010684 /* u148 */ = {
			isa = PBXGroup;
			children = (
				409C131919DA4EBF00634997 /* Flurry */,
				4079D46C19C6997900C07ED7 /* libWeiboSDK */,
				40987D331996722200D2E100 /* WeChatSDK_64 */,
				407A1DA6198514F800954E08 /* Util */,
				40348F55197E628A001C4DE5 /* html */,
				4077EF99197B96DE00FDED39 /* Controllers */,
				40CFDED2197A4EB30032B212 /* Images */,
				40CFDED1197A4CBA0032B212 /* View */,
				40CFDECA197A41F10032B212 /* Model */,
				407535081979460500356778 /* libs */,
				404508E9197697BD00010684 /* AppDelegate.h */,
				404508EA197697BD00010684 /* AppDelegate.m */,
				404508EC197697BD00010684 /* Images.xcassets */,
				40AB5545198DF3BD00E4CC03 /* Images-2.xcassets */,
				404508E1197697BD00010684 /* Supporting Files */,
			);
			path = u148;
			sourceTree = "<group>";
		};
		404508E1197697BD00010684 /* Supporting Files */ = {
			isa = PBXGroup;
			children = (
				40AB554B198DF40300E4CC03 /* Icon-60@2x.png */,
				40AB5549198DF3FD00E4CC03 /* Icon-40@2x.png */,
				40AB5547198DF3F200E4CC03 /* Icon-Small@2x.png */,
				404508E2197697BD00010684 /* u148-Info.plist */,
				404508E3197697BD00010684 /* InfoPlist.strings */,
				404508E6197697BD00010684 /* main.m */,
				404508E8197697BD00010684 /* u148-Prefix.pch */,
			);
			name = "Supporting Files";
			sourceTree = "<group>";
		};
		404508F9197697BD00010684 /* u148Tests */ = {
			isa = PBXGroup;
			children = (
				404508FF197697BD00010684 /* u148Tests.m */,
				404508FA197697BD00010684 /* Supporting Files */,
			);
			path = u148Tests;
			sourceTree = "<group>";
		};
		404508FA197697BD00010684 /* Supporting Files */ = {
			isa = PBXGroup;
			children = (
				404508FB197697BD00010684 /* u148Tests-Info.plist */,
				404508FC197697BD00010684 /* InfoPlist.strings */,
			);
			name = "Supporting Files";
			sourceTree = "<group>";
		};
		40493C3819891310004CB31F /* MBProgress */ = {
			isa = PBXGroup;
			children = (
				40493C3919891326004CB31F /* MBProgressHUD.h */,
				40493C3A19891326004CB31F /* MBProgressHUD.m */,
			);
			name = MBProgress;
			sourceTree = "<group>";
		};
		40558006198E0EF5009C3D19 /* CustomAlertView */ = {
			isa = PBXGroup;
			children = (
				4055800A198E0FD2009C3D19 /* CustomIOS7AlertView.h */,
				4055800B198E0FD2009C3D19 /* CustomIOS7AlertView.m */,
			);
			name = CustomAlertView;
			sourceTree = "<group>";
		};
		407535081979460500356778 /* libs */ = {
			isa = PBXGroup;
			children = (
				40DF59F319EFA9E600372CA0 /* FLAnimatedImage */,
				40558006198E0EF5009C3D19 /* CustomAlertView */,
				40493C3819891310004CB31F /* MBProgress */,
				403AC9491981070B00AE28DE /* HtmlString */,
				4075354319794C7900356778 /* UIKit+AFNetworking */,
				407535261979493300356778 /* AFNetworking */,
			);
			name = libs;
			sourceTree = "<group>";
		};
		407535261979493300356778 /* AFNetworking */ = {
			isa = PBXGroup;
			children = (
				407535271979493300356778 /* AFHTTPRequestOperation.h */,
				407535281979493300356778 /* AFHTTPRequestOperation.m */,
				407535291979493300356778 /* AFHTTPRequestOperationManager.h */,
				4075352A1979493300356778 /* AFHTTPRequestOperationManager.m */,
				4075352B1979493300356778 /* AFHTTPSessionManager.h */,
				4075352C1979493300356778 /* AFHTTPSessionManager.m */,
				4075352D1979493300356778 /* AFNetworking.h */,
				4075352E1979493300356778 /* AFNetworkReachabilityManager.h */,
				4075352F1979493300356778 /* AFNetworkReachabilityManager.m */,
				407535301979493300356778 /* AFSecurityPolicy.h */,
				407535311979493300356778 /* AFSecurityPolicy.m */,
				407535321979493300356778 /* AFURLConnectionOperation.h */,
				407535331979493300356778 /* AFURLConnectionOperation.m */,
				407535341979493300356778 /* AFURLRequestSerialization.h */,
				407535351979493300356778 /* AFURLRequestSerialization.m */,
				407535361979493300356778 /* AFURLResponseSerialization.h */,
				407535371979493300356778 /* AFURLResponseSerialization.m */,
				407535381979493300356778 /* AFURLSessionManager.h */,
				407535391979493300356778 /* AFURLSessionManager.m */,
			);
			path = AFNetworking;
			sourceTree = "<group>";
		};
		4075354319794C7900356778 /* UIKit+AFNetworking */ = {
			isa = PBXGroup;
			children = (
				4075354419794C7900356778 /* AFNetworkActivityIndicatorManager.h */,
				4075354519794C7900356778 /* AFNetworkActivityIndicatorManager.m */,
				4075354619794C7900356778 /* UIActivityIndicatorView+AFNetworking.h */,
				4075354719794C7900356778 /* UIActivityIndicatorView+AFNetworking.m */,
				4075354819794C7900356778 /* UIAlertView+AFNetworking.h */,
				4075354919794C7900356778 /* UIAlertView+AFNetworking.m */,
				4075354A19794C7900356778 /* UIButton+AFNetworking.h */,
				4075354B19794C7900356778 /* UIButton+AFNetworking.m */,
				4075354C19794C7900356778 /* UIImageView+AFNetworking.h */,
				4075354D19794C7900356778 /* UIImageView+AFNetworking.m */,
				4075354E19794C7900356778 /* UIKit+AFNetworking.h */,
				4075354F19794C7900356778 /* UIProgressView+AFNetworking.h */,
				4075355019794C7900356778 /* UIProgressView+AFNetworking.m */,
				4075355119794C7900356778 /* UIRefreshControl+AFNetworking.h */,
				4075355219794C7900356778 /* UIRefreshControl+AFNetworking.m */,
				4075355319794C7900356778 /* UIWebView+AFNetworking.h */,
				4075355419794C7900356778 /* UIWebView+AFNetworking.m */,
			);
			path = "UIKit+AFNetworking";
			sourceTree = "<group>";
		};
		4077EF99197B96DE00FDED39 /* Controllers */ = {
			isa = PBXGroup;
			children = (
				40450909197698AC00010684 /* FeedsViewController.h */,
				4045090A197698AC00010684 /* FeedsViewController.m */,
				4077EF9A197B971600FDED39 /* RootViewController.h */,
				4077EF9B197B971600FDED39 /* RootViewController.m */,
				403387F9197D088F004D49D7 /* MenuViewController.h */,
				403387FA197D088F004D49D7 /* MenuViewController.m */,
				40348F52197E5E44001C4DE5 /* DetailViewController.h */,
				40348F53197E5E44001C4DE5 /* DetailViewController.m */,
				40358F11197FD9EC00CE64EA /* PhotoViewController.h */,
				40358F12197FD9EC00CE64EA /* PhotoViewController.m */,
				40358F1A197FFE4700CE64EA /* CommentViewController.h */,
				40358F1B197FFE4700CE64EA /* CommentViewController.m */,
				40ECDF40198CBB7100425AB6 /* FavoriteViewController.h */,
				40ECDF41198CBB7100425AB6 /* FavoriteViewController.m */,
				40558013198E1D4B009C3D19 /* SurprizeViewController.h */,
				40558014198E1D4B009C3D19 /* SurprizeViewController.m */,
				40DC1AB0198F8C96003939F4 /* RegisterViewController.h */,
				40DC1AB1198F8C96003939F4 /* RegisterViewController.m */,
				40272B1119C171F700B47888 /* PrivacyViewController.h */,
				40272B1219C171F700B47888 /* PrivacyViewController.m */,
				403FD8AC1A82560400B5F980 /* SearchViewController.h */,
				403FD8AD1A82560400B5F980 /* SearchViewController.m */,
			);
			name = Controllers;
			sourceTree = "<group>";
		};
		4079D46C19C6997900C07ED7 /* libWeiboSDK */ = {
			isa = PBXGroup;
			children = (
				4079D46D19C6997900C07ED7 /* libWeiboSDK.a */,
				4079D46E19C6997900C07ED7 /* WeiboSDK.bundle */,
				4079D46F19C6997900C07ED7 /* WeiboSDK.h */,
			);
			path = libWeiboSDK;
			sourceTree = "<group>";
		};
		407A1DA6198514F800954E08 /* Util */ = {
			isa = PBXGroup;
			children = (
				407A1DA71985151500954E08 /* UAccountManager.h */,
				407A1DA81985151500954E08 /* UAccountManager.m */,
			);
			name = Util;
			sourceTree = "<group>";
		};
		40987D331996722200D2E100 /* WeChatSDK_64 */ = {
			isa = PBXGroup;
			children = (
				40987D341996722200D2E100 /* libWeChatSDK.a */,
				40987D351996722200D2E100 /* WXApi.h */,
				40987D361996722200D2E100 /* WXApiObject.h */,
			);
			path = WeChatSDK_64;
			sourceTree = "<group>";
		};
		409C131919DA4EBF00634997 /* Flurry */ = {
			isa = PBXGroup;
			children = (
				409C131A19DA4EBF00634997 /* Flurry.h */,
				409C131B19DA4EBF00634997 /* libFlurry_5.4.0.a */,
			);
			path = Flurry;
			sourceTree = "<group>";
		};
		40CFDECA197A41F10032B212 /* Model */ = {
			isa = PBXGroup;
			children = (
				40CFDECB197A42160032B212 /* User.h */,
				40CFDECC197A42160032B212 /* User.m */,
				40CFDECE197A42240032B212 /* Feed.h */,
				40CFDECF197A42240032B212 /* Feed.m */,
				403AC93E1980B94100AE28DE /* Comment.h */,
				403AC93F1980B94100AE28DE /* Comment.m */,
				40ECDF43198CC28B00425AB6 /* FavoriteItem.h */,
				40ECDF44198CC28B00425AB6 /* FavoriteItem.m */,
				40CDD5CB1998DB8C0005EF9C /* Bubble.h */,
				40CDD5CC1998DB8C0005EF9C /* Bubble.m */,
			);
			name = Model;
			sourceTree = "<group>";
		};
		40CFDED1197A4CBA0032B212 /* View */ = {
			isa = PBXGroup;
			children = (
				40CFDED8197A51160032B212 /* FeedCell.h */,
				40CFDED9197A51160032B212 /* FeedCell.m */,
				4077EF9D197BA51200FDED39 /* TabGroupView.h */,
				403AC9431980E7B800AE28DE /* CommentCell.h */,
				4077EF9E197BA51200FDED39 /* TabGroupView.m */,
				403AC9441980E7B800AE28DE /* CommentCell.m */,
				40256638198BE25F00A8FF6A /* TabIndicator.h */,
				40256639198BE25F00A8FF6A /* TabIndicator.m */,
				40A770AD198C8E9D00AEAE96 /* MenuCell.h */,
				40A770AE198C8E9D00AEAE96 /* MenuCell.m */,
				4079D3FB19C68CA600C07ED7 /* ShareView.h */,
				4079D3FC19C68CA700C07ED7 /* ShareView.m */,
				403E51181A831A3D00D71170 /* UIImage+Color.h */,
				403E51191A831A3D00D71170 /* UIImage+Color.m */,
			);
			name = View;
			sourceTree = "<group>";
		};
		40CFDED2197A4EB30032B212 /* Images */ = {
			isa = PBXGroup;
			children = (
				4030CBBF1A83861E00F303F0 /* ic_nav_search.png */,
				403FD8AA1A8243B900B5F980 /* ic_action_search.png */,
				4061E0C019DFD2C90014D19B /* compass_spinner@2x.png */,
				4061E0BE19DFD2C40014D19B /* compass_background@2x.png */,
				404E8A5319DB04AE008CD99B /* ic_menu1.png */,
				404E8A5B19DB0909008CD99B /* ic_nav_favorite.png */,
				404E8A5419DB04AE008CD99B /* ic_menu2.png */,
				404E8A5519DB04AE008CD99B /* ic_menu3.png */,
				404E8A5619DB04AE008CD99B /* ic_menu4.png */,
				404E8A4F19DAF380008CD99B /* road.jpg */,
				40F4FBEC19D84F0800219872 /* head.png */,
				4024403C19C6F63E00D5EDFB /* ic_wb.png */,
				40DE2434199F1C9100E744D0 /* ic_register.png */,
				40DE242E199F13F400E744D0 /* ic_nav_share.png */,
				40DE242A199F138000E744D0 /* ic_nav_cmt.png */,
				40DE2428199F117600E744D0 /* ic_nav_menu.png */,
				40CDD5C91998C7B00005EF9C /* yingna1.jpg */,
				401BE49019964ACC005A585D /* ic_session.png */,
				401BE49119964ACC005A585D /* ic_friend.png */,
				401BE48919961F46005A585D /* dolphin6.png */,
				401BE4871995F382005A585D /* bubble.wav */,
				401BE4831995D2C6005A585D /* icon_exit_press.png */,
				401BE4841995D2C6005A585D /* icon_exit.png */,
				401BE47D1995C27E005A585D /* ic_bubble.png */,
				401BE47B1995C10E005A585D /* water.wav */,
				401BE4791995BD65005A585D /* dolphin_cry.png */,
				401BE4731995BC44005A585D /* bubble_break1.png */,
				401BE4741995BC44005A585D /* bubble_break2.png */,
				401BE4751995BC44005A585D /* bubble_break3.png */,
				401BE4631995BB60005A585D /* dolphin1.png */,
				401BE4641995BB60005A585D /* dolphin2.png */,
				401BE4651995BB60005A585D /* dolphin3.png */,
				401BE4661995BB60005A585D /* dolphin4.png */,
				401BE4671995BB60005A585D /* dolphin5.png */,
				401BE4681995BB60005A585D /* dolphin7.png */,
				401BE4691995BB60005A585D /* dolphin8.png */,
				401BE46A1995BB60005A585D /* dolphin9.png */,
				4074AE451990FA2700B4D8A7 /* ic_back.png */,
				4074AE411990D93400B4D8A7 /* bubble_bkg4.jpg */,
				4074AE421990D93400B4D8A7 /* bubble_bkg5.jpg */,
				4074AE3F1990D8CF00B4D8A7 /* ic_logo_big.png */,
				40736CC2198DF56B00A47D29 /* ic_place_holder.png */,
				40ECDF3E198CB35100425AB6 /* ic_favorite_menu.png */,
				40ECDF3C198CB31700425AB6 /* ic_avatar_2.png */,
				403AC9411980E6E000AE28DE /* user_default.png */,
			);
			name = Images;
			sourceTree = "<group>";
		};
		40DF59F319EFA9E600372CA0 /* FLAnimatedImage */ = {
			isa = PBXGroup;
			children = (
				40DF59F419EFA9E600372CA0 /* FLAnimatedImage.h */,
				40DF59F519EFA9E600372CA0 /* FLAnimatedImage.m */,
				40DF59F619EFA9E600372CA0 /* FLAnimatedImageView.h */,
				40DF59F719EFA9E600372CA0 /* FLAnimatedImageView.m */,
			);
			path = FLAnimatedImage;
			sourceTree = "<group>";
		};
/* End PBXGroup section */

/* Begin PBXNativeTarget section */
		404508D6197697BD00010684 /* u148 */ = {
			isa = PBXNativeTarget;
			buildConfigurationList = 40450903197697BD00010684 /* Build configuration list for PBXNativeTarget "u148" */;
			buildPhases = (
				404508D3197697BD00010684 /* Sources */,
				404508D4197697BD00010684 /* Frameworks */,
				404508D5197697BD00010684 /* Resources */,
			);
			buildRules = (
			);
			dependencies = (
			);
			name = u148;
			productName = u148;
			productReference = 404508D7197697BD00010684 /* u148.app */;
			productType = "com.apple.product-type.application";
		};
		404508F1197697BD00010684 /* u148Tests */ = {
			isa = PBXNativeTarget;
			buildConfigurationList = 40450906197697BD00010684 /* Build configuration list for PBXNativeTarget "u148Tests" */;
			buildPhases = (
				404508EE197697BD00010684 /* Sources */,
				404508EF197697BD00010684 /* Frameworks */,
				404508F0197697BD00010684 /* Resources */,
			);
			buildRules = (
			);
			dependencies = (
				404508F8197697BD00010684 /* PBXTargetDependency */,
			);
			name = u148Tests;
			productName = u148Tests;
			productReference = 404508F2197697BD00010684 /* u148Tests.xctest */;
			productType = "com.apple.product-type.bundle.unit-test";
		};
/* End PBXNativeTarget section */

/* Begin PBXProject section */
		404508CF197697BD00010684 /* Project object */ = {
			isa = PBXProject;
			attributes = {
				LastUpgradeCheck = 0510;
				ORGANIZATIONNAME = u148;
				TargetAttributes = {
					404508D6197697BD00010684 = {
						DevelopmentTeam = 9N63S77977;
					};
					404508F1197697BD00010684 = {
						TestTargetID = 404508D6197697BD00010684;
					};
				};
			};
			buildConfigurationList = 404508D2197697BD00010684 /* Build configuration list for PBXProject "u148" */;
			compatibilityVersion = "Xcode 3.2";
			developmentRegion = English;
			hasScannedForEncodings = 0;
			knownRegions = (
				en,
				"zh-Hans",
			);
			mainGroup = 404508CE197697BD00010684;
			productRefGroup = 404508D8197697BD00010684 /* Products */;
			projectDirPath = "";
			projectRoot = "";
			targets = (
				404508D6197697BD00010684 /* u148 */,
				404508F1197697BD00010684 /* u148Tests */,
			);
		};
/* End PBXProject section */

/* Begin PBXResourcesBuildPhase section */
		404508D5197697BD00010684 /* Resources */ = {
			isa = PBXResourcesBuildPhase;
			buildActionMask = 2147483647;
			files = (
				401BE49219964ACC005A585D /* ic_session.png in Resources */,
				401BE4761995BC44005A585D /* bubble_break1.png in Resources */,
				4074AE441990D93400B4D8A7 /* bubble_bkg5.jpg in Resources */,
				404E8A5819DB04AE008CD99B /* ic_menu2.png in Resources */,
				404508E5197697BD00010684 /* InfoPlist.strings in Resources */,
				40AB5546198DF3BD00E4CC03 /* Images-2.xcassets in Resources */,
				4061E0C119DFD2C90014D19B /* compass_spinner@2x.png in Resources */,
				401BE46C1995BB60005A585D /* dolphin2.png in Resources */,
				401BE47C1995C10E005A585D /* water.wav in Resources */,
				403FD8AB1A8243B900B5F980 /* ic_action_search.png in Resources */,
				40F4FBED19D84F0800219872 /* head.png in Resources */,
				4030CBC01A83861E00F303F0 /* ic_nav_search.png in Resources */,
				401BE48A19961F46005A585D /* dolphin6.png in Resources */,
				40ECDF3D198CB31700425AB6 /* ic_avatar_2.png in Resources */,
				40736CC3198DF56B00A47D29 /* ic_place_holder.png in Resources */,
				40ECDF3F198CB35100425AB6 /* ic_favorite_menu.png in Resources */,
				404E8A5019DAF380008CD99B /* road.jpg in Resources */,
				401BE4881995F382005A585D /* bubble.wav in Resources */,
				401BE4771995BC44005A585D /* bubble_break2.png in Resources */,
				404508ED197697BD00010684 /* Images.xcassets in Resources */,
				401BE49319964ACC005A585D /* ic_friend.png in Resources */,
				40DE2429199F117600E744D0 /* ic_nav_menu.png in Resources */,
				404E8A5A19DB04AE008CD99B /* ic_menu4.png in Resources */,
				40CDD5CA1998C7B00005EF9C /* yingna1.jpg in Resources */,
				401BE46E1995BB60005A585D /* dolphin4.png in Resources */,
				4074AE431990D93400B4D8A7 /* bubble_bkg4.jpg in Resources */,
				4079D47119C6997900C07ED7 /* WeiboSDK.bundle in Resources */,
				404E8A5719DB04AE008CD99B /* ic_menu1.png in Resources */,
				4061E0BF19DFD2C40014D19B /* compass_background@2x.png in Resources */,
				4074AE401990D8CF00B4D8A7 /* ic_logo_big.png in Resources */,
				404E8A5C19DB0909008CD99B /* ic_nav_favorite.png in Resources */,
				4074AE461990FA2700B4D8A7 /* ic_back.png in Resources */,
				40AB554C198DF40300E4CC03 /* Icon-60@2x.png in Resources */,
				401BE46B1995BB60005A585D /* dolphin1.png in Resources */,
				404E8A5919DB04AE008CD99B /* ic_menu3.png in Resources */,
				40348F56197E628A001C4DE5 /* html in Resources */,
				401BE46F1995BB60005A585D /* dolphin5.png in Resources */,
				401BE4711995BB60005A585D /* dolphin8.png in Resources */,
				40AB554A198DF3FD00E4CC03 /* Icon-40@2x.png in Resources */,
				401BE4851995D2C6005A585D /* icon_exit_press.png in Resources */,
				40DE2435199F1C9100E744D0 /* ic_register.png in Resources */,
				401BE4861995D2C6005A585D /* icon_exit.png in Resources */,
				40DE242F199F13F400E744D0 /* ic_nav_share.png in Resources */,
				403AC9421980E6E000AE28DE /* user_default.png in Resources */,
				4024403D19C6F63E00D5EDFB /* ic_wb.png in Resources */,
				40DE242B199F138000E744D0 /* ic_nav_cmt.png in Resources */,
				401BE4701995BB60005A585D /* dolphin7.png in Resources */,
				401BE4721995BB60005A585D /* dolphin9.png in Resources */,
				401BE4781995BC44005A585D /* bubble_break3.png in Resources */,
				401BE46D1995BB60005A585D /* dolphin3.png in Resources */,
				401BE47A1995BD65005A585D /* dolphin_cry.png in Resources */,
				40AB5548198DF3F200E4CC03 /* Icon-Small@2x.png in Resources */,
				401BE47E1995C27E005A585D /* ic_bubble.png in Resources */,
			);
			runOnlyForDeploymentPostprocessing = 0;
		};
		404508F0197697BD00010684 /* Resources */ = {
			isa = PBXResourcesBuildPhase;
			buildActionMask = 2147483647;
			files = (
				404508FE197697BD00010684 /* InfoPlist.strings in Resources */,
			);
			runOnlyForDeploymentPostprocessing = 0;
		};
/* End PBXResourcesBuildPhase section */

/* Begin PBXSourcesBuildPhase section */
		404508D3197697BD00010684 /* Sources */ = {
			isa = PBXSourcesBuildPhase;
			buildActionMask = 2147483647;
			files = (
				4075353A1979493300356778 /* AFHTTPRequestOperation.m in Sources */,
				40CFDED0197A42240032B212 /* Feed.m in Sources */,
				403AC9481981064800AE28DE /* NSString+HTML.m in Sources */,
				403E511A1A831A3D00D71170 /* UIImage+Color.m in Sources */,
				40348F54197E5E44001C4DE5 /* DetailViewController.m in Sources */,
				4075355919794C7900356778 /* UIImageView+AFNetworking.m in Sources */,
				404508EB197697BD00010684 /* AppDelegate.m in Sources */,
				40558015198E1D4B009C3D19 /* SurprizeViewController.m in Sources */,
				4075353B1979493300356778 /* AFHTTPRequestOperationManager.m in Sources */,
				40CFDEDA197A51160032B212 /* FeedCell.m in Sources */,
				40A770AF198C8E9D00AEAE96 /* MenuCell.m in Sources */,
				4075355A19794C7900356778 /* UIProgressView+AFNetworking.m in Sources */,
				40DC1AB2198F8C96003939F4 /* RegisterViewController.m in Sources */,
				403FD8AE1A82560400B5F980 /* SearchViewController.m in Sources */,
				40CDD5CD1998DB8C0005EF9C /* Bubble.m in Sources */,
				40ECDF45198CC28B00425AB6 /* FavoriteItem.m in Sources */,
				40ECDF42198CBB7100425AB6 /* FavoriteViewController.m in Sources */,
				4055800C198E0FD2009C3D19 /* CustomIOS7AlertView.m in Sources */,
				407A1DA91985151500954E08 /* UAccountManager.m in Sources */,
				40272B1319C171F700B47888 /* PrivacyViewController.m in Sources */,
				4075353D1979493300356778 /* AFNetworkReachabilityManager.m in Sources */,
				407535411979493300356778 /* AFURLResponseSerialization.m in Sources */,
				40DF59F819EFA9E600372CA0 /* FLAnimatedImage.m in Sources */,
				4075353F1979493300356778 /* AFURLConnectionOperation.m in Sources */,
				4025663A198BE25F00A8FF6A /* TabIndicator.m in Sources */,
				40CFDECD197A42160032B212 /* User.m in Sources */,
				4077EF9F197BA51200FDED39 /* TabGroupView.m in Sources */,
				403AC9401980B94100AE28DE /* Comment.m in Sources */,
				40358F13197FD9EC00CE64EA /* PhotoViewController.m in Sources */,
				4075355819794C7900356778 /* UIButton+AFNetworking.m in Sources */,
				4075355619794C7900356778 /* UIActivityIndicatorView+AFNetworking.m in Sources */,
				403AC9451980E7B800AE28DE /* CommentCell.m in Sources */,
				4077EF9C197B971600FDED39 /* RootViewController.m in Sources */,
				4075353E1979493300356778 /* AFSecurityPolicy.m in Sources */,
				4075355B19794C7900356778 /* UIRefreshControl+AFNetworking.m in Sources */,
				403387FB197D088F004D49D7 /* MenuViewController.m in Sources */,
				4075355C19794C7900356778 /* UIWebView+AFNetworking.m in Sources */,
				4075353C1979493300356778 /* AFHTTPSessionManager.m in Sources */,
				40358F1C197FFE4700CE64EA /* CommentViewController.m in Sources */,
				40493C3B19891326004CB31F /* MBProgressHUD.m in Sources */,
				403AC94C1981072B00AE28DE /* GTMNSString+HTML.m in Sources */,
				4075355719794C7900356778 /* UIAlertView+AFNetworking.m in Sources */,
				40DF59F919EFA9E600372CA0 /* FLAnimatedImageView.m in Sources */,
				407535401979493300356778 /* AFURLRequestSerialization.m in Sources */,
				4075355519794C7900356778 /* AFNetworkActivityIndicatorManager.m in Sources */,
				407535421979493300356778 /* AFURLSessionManager.m in Sources */,
				4045090B197698AC00010684 /* FeedsViewController.m in Sources */,
				404508E7197697BD00010684 /* main.m in Sources */,
				4079D3FD19C68CA700C07ED7 /* ShareView.m in Sources */,
			);
			runOnlyForDeploymentPostprocessing = 0;
		};
		404508EE197697BD00010684 /* Sources */ = {
			isa = PBXSourcesBuildPhase;
			buildActionMask = 2147483647;
			files = (
				40450900197697BD00010684 /* u148Tests.m in Sources */,
			);
			runOnlyForDeploymentPostprocessing = 0;
		};
/* End PBXSourcesBuildPhase section */

/* Begin PBXTargetDependency section */
		404508F8197697BD00010684 /* PBXTargetDependency */ = {
			isa = PBXTargetDependency;
			target = 404508D6197697BD00010684 /* u148 */;
			targetProxy = 404508F7197697BD00010684 /* PBXContainerItemProxy */;
		};
/* End PBXTargetDependency section */

/* Begin PBXVariantGroup section */
		404508E3197697BD00010684 /* InfoPlist.strings */ = {
			isa = PBXVariantGroup;
			children = (
				404508E4197697BD00010684 /* en */,
				4061E0C219DFE7030014D19B /* zh-Hans */,
			);
			name = InfoPlist.strings;
			sourceTree = "<group>";
		};
		404508FC197697BD00010684 /* InfoPlist.strings */ = {
			isa = PBXVariantGroup;
			children = (
				404508FD197697BD00010684 /* en */,
				4061E0C319DFE7030014D19B /* zh-Hans */,
			);
			name = InfoPlist.strings;
			sourceTree = "<group>";
		};
/* End PBXVariantGroup section */

/* Begin XCBuildConfiguration section */
		40450901197697BD00010684 /* Debug */ = {
			isa = XCBuildConfiguration;
			buildSettings = {
				ALWAYS_SEARCH_USER_PATHS = NO;
				CLANG_CXX_LANGUAGE_STANDARD = "gnu++0x";
				CLANG_CXX_LIBRARY = "libc++";
				CLANG_ENABLE_MODULES = YES;
				CLANG_ENABLE_OBJC_ARC = YES;
				CLANG_WARN_BOOL_CONVERSION = YES;
				CLANG_WARN_CONSTANT_CONVERSION = YES;
				CLANG_WARN_DIRECT_OBJC_ISA_USAGE = YES_ERROR;
				CLANG_WARN_EMPTY_BODY = YES;
				CLANG_WARN_ENUM_CONVERSION = YES;
				CLANG_WARN_INT_CONVERSION = YES;
				CLANG_WARN_OBJC_ROOT_CLASS = YES_ERROR;
				CLANG_WARN__DUPLICATE_METHOD_MATCH = YES;
				"CODE_SIGN_IDENTITY[sdk=iphoneos*]" = "iPhone Developer";
				COPY_PHASE_STRIP = NO;
				GCC_C_LANGUAGE_STANDARD = gnu99;
				GCC_DYNAMIC_NO_PIC = NO;
				GCC_OPTIMIZATION_LEVEL = 0;
				GCC_PREPROCESSOR_DEFINITIONS = (
					"DEBUG=1",
					"$(inherited)",
				);
				GCC_SYMBOLS_PRIVATE_EXTERN = NO;
				GCC_WARN_64_TO_32_BIT_CONVERSION = YES;
				GCC_WARN_ABOUT_RETURN_TYPE = YES_ERROR;
				GCC_WARN_UNDECLARED_SELECTOR = YES;
				GCC_WARN_UNINITIALIZED_AUTOS = YES_AGGRESSIVE;
				GCC_WARN_UNUSED_FUNCTION = YES;
				GCC_WARN_UNUSED_VARIABLE = YES;
				IPHONEOS_DEPLOYMENT_TARGET = 7.1;
				ONLY_ACTIVE_ARCH = YES;
				SDKROOT = iphoneos;
			};
			name = Debug;
		};
		40450902197697BD00010684 /* Release */ = {
			isa = XCBuildConfiguration;
			buildSettings = {
				ALWAYS_SEARCH_USER_PATHS = NO;
				CLANG_CXX_LANGUAGE_STANDARD = "gnu++0x";
				CLANG_CXX_LIBRARY = "libc++";
				CLANG_ENABLE_MODULES = YES;
				CLANG_ENABLE_OBJC_ARC = YES;
				CLANG_WARN_BOOL_CONVERSION = YES;
				CLANG_WARN_CONSTANT_CONVERSION = YES;
				CLANG_WARN_DIRECT_OBJC_ISA_USAGE = YES_ERROR;
				CLANG_WARN_EMPTY_BODY = YES;
				CLANG_WARN_ENUM_CONVERSION = YES;
				CLANG_WARN_INT_CONVERSION = YES;
				CLANG_WARN_OBJC_ROOT_CLASS = YES_ERROR;
				CLANG_WARN__DUPLICATE_METHOD_MATCH = YES;
				"CODE_SIGN_IDENTITY[sdk=iphoneos*]" = "iPhone Developer";
				COPY_PHASE_STRIP = YES;
				ENABLE_NS_ASSERTIONS = NO;
				GCC_C_LANGUAGE_STANDARD = gnu99;
				GCC_WARN_64_TO_32_BIT_CONVERSION = YES;
				GCC_WARN_ABOUT_RETURN_TYPE = YES_ERROR;
				GCC_WARN_UNDECLARED_SELECTOR = YES;
				GCC_WARN_UNINITIALIZED_AUTOS = YES_AGGRESSIVE;
				GCC_WARN_UNUSED_FUNCTION = YES;
				GCC_WARN_UNUSED_VARIABLE = YES;
				IPHONEOS_DEPLOYMENT_TARGET = 7.1;
				SDKROOT = iphoneos;
				VALIDATE_PRODUCT = YES;
			};
			name = Release;
		};
		40450904197697BD00010684 /* Debug */ = {
			isa = XCBuildConfiguration;
			buildSettings = {
				ASSETCATALOG_COMPILER_APPICON_NAME = "AppIcon-2";
				ASSETCATALOG_COMPILER_LAUNCHIMAGE_NAME = LaunchImage;
				CODE_SIGN_IDENTITY = "iPhone Developer";
				"CODE_SIGN_IDENTITY[sdk=iphoneos*]" = "iPhone Developer";
				GCC_PRECOMPILE_PREFIX_HEADER = YES;
				GCC_PREFIX_HEADER = "u148/u148-Prefix.pch";
				INFOPLIST_FILE = "u148/u148-Info.plist";
				IPHONEOS_DEPLOYMENT_TARGET = 7.0;
				LIBRARY_SEARCH_PATHS = (
					"$(inherited)",
					"$(PROJECT_DIR)/u148/Flurry",
					"$(PROJECT_DIR)/u148",
					"$(PROJECT_DIR)/u148/WeChatSDK_64",
					"$(PROJECT_DIR)/u148/libWeiboSDK",
				);
				OTHER_LDFLAGS = "-ObjC";
				PRODUCT_NAME = "$(TARGET_NAME)";
				PROVISIONING_PROFILE = "";
				TARGETED_DEVICE_FAMILY = 1;
				WRAPPER_EXTENSION = app;
			};
			name = Debug;
		};
		40450905197697BD00010684 /* Release */ = {
			isa = XCBuildConfiguration;
			buildSettings = {
				ASSETCATALOG_COMPILER_APPICON_NAME = "AppIcon-2";
				ASSETCATALOG_COMPILER_LAUNCHIMAGE_NAME = LaunchImage;
				CODE_SIGN_IDENTITY = "iPhone Developer";
				"CODE_SIGN_IDENTITY[sdk=iphoneos*]" = "iPhone Developer";
				GCC_PRECOMPILE_PREFIX_HEADER = YES;
				GCC_PREFIX_HEADER = "u148/u148-Prefix.pch";
				INFOPLIST_FILE = "u148/u148-Info.plist";
				IPHONEOS_DEPLOYMENT_TARGET = 7.0;
				LIBRARY_SEARCH_PATHS = (
					"$(inherited)",
					"$(PROJECT_DIR)/u148/Flurry",
					"$(PROJECT_DIR)/u148",
					"$(PROJECT_DIR)/u148/WeChatSDK_64",
					"$(PROJECT_DIR)/u148/libWeiboSDK",
				);
				OTHER_LDFLAGS = "-ObjC";
				PRODUCT_NAME = "$(TARGET_NAME)";
				PROVISIONING_PROFILE = "";
				TARGETED_DEVICE_FAMILY = 1;
				WRAPPER_EXTENSION = app;
			};
			name = Release;
		};
		40450907197697BD00010684 /* Debug */ = {
			isa = XCBuildConfiguration;
			buildSettings = {
				BUNDLE_LOADER = "$(BUILT_PRODUCTS_DIR)/u148.app/u148";
				FRAMEWORK_SEARCH_PATHS = (
					"$(SDKROOT)/Developer/Library/Frameworks",
					"$(inherited)",
					"$(DEVELOPER_FRAMEWORKS_DIR)",
				);
				GCC_PRECOMPILE_PREFIX_HEADER = YES;
				GCC_PREFIX_HEADER = "u148/u148-Prefix.pch";
				GCC_PREPROCESSOR_DEFINITIONS = (
					"DEBUG=1",
					"$(inherited)",
				);
				INFOPLIST_FILE = "u148Tests/u148Tests-Info.plist";
				PRODUCT_NAME = "$(TARGET_NAME)";
				TEST_HOST = "$(BUNDLE_LOADER)";
				WRAPPER_EXTENSION = xctest;
			};
			name = Debug;
		};
		40450908197697BD00010684 /* Release */ = {
			isa = XCBuildConfiguration;
			buildSettings = {
				BUNDLE_LOADER = "$(BUILT_PRODUCTS_DIR)/u148.app/u148";
				FRAMEWORK_SEARCH_PATHS = (
					"$(SDKROOT)/Developer/Library/Frameworks",
					"$(inherited)",
					"$(DEVELOPER_FRAMEWORKS_DIR)",
				);
				GCC_PRECOMPILE_PREFIX_HEADER = YES;
				GCC_PREFIX_HEADER = "u148/u148-Prefix.pch";
				INFOPLIST_FILE = "u148Tests/u148Tests-Info.plist";
				PRODUCT_NAME = "$(TARGET_NAME)";
				TEST_HOST = "$(BUNDLE_LOADER)";
				WRAPPER_EXTENSION = xctest;
			};
			name = Release;
		};
/* End XCBuildConfiguration section */

/* Begin XCConfigurationList section */
		404508D2197697BD00010684 /* Build configuration list for PBXProject "u148" */ = {
			isa = XCConfigurationList;
			buildConfigurations = (
				40450901197697BD00010684 /* Debug */,
				40450902197697BD00010684 /* Release */,
			);
			defaultConfigurationIsVisible = 0;
			defaultConfigurationName = Release;
		};
		40450903197697BD00010684 /* Build configuration list for PBXNativeTarget "u148" */ = {
			isa = XCConfigurationList;
			buildConfigurations = (
				40450904197697BD00010684 /* Debug */,
				40450905197697BD00010684 /* Release */,
			);
			defaultConfigurationIsVisible = 0;
			defaultConfigurationName = Release;
		};
		40450906197697BD00010684 /* Build configuration list for PBXNativeTarget "u148Tests" */ = {
			isa = XCConfigurationList;
			buildConfigurations = (
				40450907197697BD00010684 /* Debug */,
				40450908197697BD00010684 /* Release */,
			);
			defaultConfigurationIsVisible = 0;
			defaultConfigurationName = Release;
		};
/* End XCConfigurationList section */
	};
	rootObject = 404508CF197697BD00010684 /* Project object */;
}
